{
  "name": "@casl/vue",
  "version": "0.2.0",
  "lockfileVersion": 1,
  "requires": true,
  "dependencies": {
    "@casl/ability": {
      "version": "2.2.0",
      "resolved": "https://registry.npmjs.org/@casl/ability/-/ability-2.2.0.tgz",
      "integrity": "sha512-ulDMne/HTIQ8JCRfGViNS0CdyhStghJNL/bFVbduS9jrZcNBJ0ezVhZcpid5YSJBdz/GiUmH8YVmf2aoNoiHzQ==",
      "dev": true,
      "requires": {
        "sift": "^5.1.0"
      }
    },
    "@vue/test-utils": {
      "version": "1.0.0-beta.15",
      "resolved": "https://registry.npmjs.org/@vue/test-utils/-/test-utils-1.0.0-beta.15.tgz",
      "integrity": "sha512-Oev99e+LorKARoFFt/+T5RegOLyO+fHLXBr0XvpaDOukxzJEWaerYtuFpoZ4DFIF9qPdCJZN0luBm4mRtj0nnQ==",
      "dev": true,
      "requires": {
        "lodash": "^4.17.4"
      }
    },
    "de-indent": {
      "version": "1.0.2",
      "resolved": "https://registry.npmjs.org/de-indent/-/de-indent-1.0.2.tgz",
      "integrity": "sha1-sgOOhG3DO6pXlhKNCAS0VbjB4h0=",
      "dev": true
    },
    "he": {
      "version": "1.1.1",
      "resolved": "https://registry.npmjs.org/he/-/he-1.1.1.tgz",
      "integrity": "sha1-k0EP0hsAlzUVH4howvJx80J+I/0=",
      "dev": true
    },
    "lodash": {
      "version": "4.17.10",
      "resolved": "https://registry.npmjs.org/lodash/-/lodash-4.17.10.tgz",
      "integrity": "sha512-UejweD1pDoXu+AD825lWwp4ZGtSwgnpZxb3JDViD7StjQz+Nb/6l093lx4OQ0foGWNRoc19mWy7BzL+UAK2iVg==",
      "dev": true
    },
    "sift": {
      "version": "5.1.0",
      "resolved": "https://registry.npmjs.org/sift/-/sift-5.1.0.tgz",
      "integrity": "sha1-G78t+w63HlbEzH+1Z/vRNRtlAV4=",
      "dev": true
    },
    "vue": {
      "version": "2.5.16",
      "resolved": "https://registry.npmjs.org/vue/-/vue-2.5.16.tgz",
      "integrity": "sha512-/ffmsiVuPC8PsWcFkZngdpas19ABm5mh2wA7iDqcltyCTwlgZjHGeJYOXkBMo422iPwIcviOtrTCUpSfXmToLQ==",
      "dev": true
    },
    "vue-template-compiler": {
      "version": "2.5.16",
      "resolved": "https://registry.npmjs.org/vue-template-compiler/-/vue-template-compiler-2.5.16.tgz",
      "integrity": "sha512-ZbuhCcF/hTYmldoUOVcu2fcbeSAZnfzwDskGduOrnjBiIWHgELAd+R8nAtX80aZkceWDKGQ6N9/0/EUpt+l22A==",
      "dev": true,
      "requires": {
        "de-indent": "^1.0.2",
        "he": "^1.1.0"
      }
    }
  }
}
