{
	"name": "@casl/vue",
	"version": "0.5.0",
	"lockfileVersion": 1,
	"requires": true,
	"dependencies": {
		"@vue/test-utils": {
			"version": "1.0.0-beta.27",
			"resolved": "https://registry.npmjs.org/@vue/test-utils/-/test-utils-1.0.0-beta.27.tgz",
			"integrity": "sha512-Lzrd4ZBkS70Tl8JbXbDrN/NcSaH9aZT6+7emU3QhTJ+CrorJpyFDA1dkvSIhH+rDTs8sHFbGeXjXV/qorXxtRw==",
			"dev": true,
			"requires": {
				"dom-event-types": "^1.0.0",
				"lodash": "^4.17.4"
			}
		},
		"de-indent": {
			"version": "1.0.2",
			"resolved": "https://registry.npmjs.org/de-indent/-/de-indent-1.0.2.tgz",
			"integrity": "sha1-sgOOhG3DO6pXlhKNCAS0VbjB4h0=",
			"dev": true
		},
		"dom-event-types": {
			"version": "1.0.0",
			"resolved": "https://registry.npmjs.org/dom-event-types/-/dom-event-types-1.0.0.tgz",
			"integrity": "sha512-2G2Vwi2zXTHBGqXHsJ4+ak/iP0N8Ar+G8a7LiD2oup5o4sQWytwqqrZu/O6hIMV0KMID2PL69OhpshLO0n7UJQ==",
			"dev": true
		},
		"he": {
			"version": "1.2.0",
			"resolved": "https://registry.npmjs.org/he/-/he-1.2.0.tgz",
			"integrity": "sha512-F/1DnUGPopORZi0ni+CvrCgHQ5FyEAHRLSApuYWMmrbSwoN2Mn/7k+Gl38gJnR7yyDZk6WLXwiGod1JOWNDKGw==",
			"dev": true
		},
		"lodash": {
			"version": "4.17.11",
			"resolved": "https://registry.npmjs.org/lodash/-/lodash-4.17.11.tgz",
			"integrity": "sha512-cQKh8igo5QUhZ7lg38DYWAxMvjSAKG0A8wGSVimP07SIUEK2UO+arSRKbRZWtelMtN5V0Hkwh5ryOto/SshYIg==",
			"dev": true
		},
		"vue": {
			"version": "2.5.21",
			"resolved": "https://registry.npmjs.org/vue/-/vue-2.5.21.tgz",
			"integrity": "sha512-Aejvyyfhn0zjVeLvXd70h4hrE4zZDx1wfZqia6ekkobLmUZ+vNFQer53B4fu0EjWBSiqApxPejzkO1Znt3joxQ==",
			"dev": true
		},
		"vue-template-compiler": {
			"version": "2.5.21",
			"resolved": "https://registry.npmjs.org/vue-template-compiler/-/vue-template-compiler-2.5.21.tgz",
			"integrity": "sha512-Vmk5Cv7UcmI99B9nXJEkaK262IQNnHp5rJYo+EwYpe2epTAXqcVyExhV6pk8jTkxQK2vRc8v8KmZBAwdmUZvvw==",
			"dev": true,
			"requires": {
				"de-indent": "^1.0.2",
				"he": "^1.1.0"
			}
		}
	}
}
