{
	"requires": true,
	"lockfileVersion": 1,
	"dependencies": {
		"@types/debug": {
			"version": "0.0.29",
			"resolved": "https://registry.npmjs.org/@types/debug/-/debug-0.0.29.tgz",
			"integrity": "sha1-oeUUrfvZLwOiJLpU1pMRHb8fN1Q="
		},
		"aurelia-binding": {
			"version": "2.1.1",
			"resolved": "https://registry.npmjs.org/aurelia-binding/-/aurelia-binding-2.1.1.tgz",
			"integrity": "sha512-o4RHnskD4ksIbHsBb5zxefSkLKwB4WeWedVegdYqZ7JaSZeXLys0BKc55R2zfF8NFjtPznc4fwUQtYSCpVh2Rw==",
			"requires": {
				"aurelia-logging": "1.5.0",
				"aurelia-metadata": "1.0.4",
				"aurelia-pal": "1.8.0",
				"aurelia-task-queue": "1.3.1"
			}
		},
		"aurelia-bootstrapper": {
			"version": "2.2.0",
			"resolved": "https://registry.npmjs.org/aurelia-bootstrapper/-/aurelia-bootstrapper-2.2.0.tgz",
			"integrity": "sha1-lH5iRL8uyc1Kuoq7SzItxtYptlw=",
			"requires": {
				"aurelia-event-aggregator": "1.0.1",
				"aurelia-framework": "1.2.0",
				"aurelia-history": "1.1.0",
				"aurelia-history-browser": "1.2.0",
				"aurelia-loader-default": "1.0.4",
				"aurelia-logging-console": "1.0.0",
				"aurelia-pal": "1.8.0",
				"aurelia-pal-browser": "1.8.0",
				"aurelia-polyfills": "1.3.0",
				"aurelia-router": "1.6.1",
				"aurelia-templating": "1.7.0",
				"aurelia-templating-binding": "1.4.2",
				"aurelia-templating-resources": "1.6.0",
				"aurelia-templating-router": "1.3.1"
			}
		},
		"aurelia-dependency-injection": {
			"version": "1.4.1",
			"resolved": "https://registry.npmjs.org/aurelia-dependency-injection/-/aurelia-dependency-injection-1.4.1.tgz",
			"integrity": "sha512-NexdxbXQKVhg8ywHosauccKbnn3vAeLyNg3oPa0l+z1fgOMf3/jvVYpcdmWelJP5yfBmYNyTYVBffCKeaS2m0w==",
			"requires": {
				"aurelia-metadata": "1.0.4",
				"aurelia-pal": "1.8.0"
			}
		},
		"aurelia-event-aggregator": {
			"version": "1.0.1",
			"resolved": "https://registry.npmjs.org/aurelia-event-aggregator/-/aurelia-event-aggregator-1.0.1.tgz",
			"integrity": "sha1-nXx8Hh7+HvOnh4Xnar6AYB4tNMg=",
			"requires": {
				"aurelia-logging": "1.5.0"
			}
		},
		"aurelia-framework": {
			"version": "1.2.0",
			"resolved": "https://registry.npmjs.org/aurelia-framework/-/aurelia-framework-1.2.0.tgz",
			"integrity": "sha512-fAeCytJ+f1E/0wPjSp5oTRhFrsV0gvwts2XhcFGCuSe+L7UXHNFlG3eFWZ0/PKOJl+xlAZCVl4UHCQfqXE+dsw==",
			"requires": {
				"aurelia-binding": "1.7.1",
				"aurelia-dependency-injection": "1.4.1",
				"aurelia-loader": "1.0.0",
				"aurelia-logging": "1.5.0",
				"aurelia-metadata": "1.0.4",
				"aurelia-pal": "1.8.0",
				"aurelia-path": "1.1.1",
				"aurelia-task-queue": "1.3.1",
				"aurelia-templating": "1.7.0"
			}
		},
		"aurelia-history": {
			"version": "1.1.0",
			"resolved": "https://registry.npmjs.org/aurelia-history/-/aurelia-history-1.1.0.tgz",
			"integrity": "sha1-d5qjhtVoA6qkvbfXFDWld2hQX1c="
		},
		"aurelia-history-browser": {
			"version": "1.2.0",
			"resolved": "https://registry.npmjs.org/aurelia-history-browser/-/aurelia-history-browser-1.2.0.tgz",
			"integrity": "sha512-3sAHq1xVX3fx8tyDb1LookueTRddB+hPVyfCVFR5Az2MbAfiovxXTzU6EX4VsOcuMweuER26NW4FTCgTA+sTuQ==",
			"requires": {
				"aurelia-history": "1.1.0",
				"aurelia-pal": "1.8.0"
			}
		},
		"aurelia-loader": {
			"version": "1.0.0",
			"resolved": "https://registry.npmjs.org/aurelia-loader/-/aurelia-loader-1.0.0.tgz",
			"integrity": "sha1-t4wqKBOqjkQSRyN91m/WLl1OGeo=",
			"requires": {
				"aurelia-metadata": "1.0.4",
				"aurelia-path": "1.1.1"
			}
		},
		"aurelia-loader-default": {
			"version": "1.0.4",
			"resolved": "https://registry.npmjs.org/aurelia-loader-default/-/aurelia-loader-default-1.0.4.tgz",
			"integrity": "sha512-xHo8Qb/xpl/ncKJcPGN3h2WHVwjNtNEqZZn7APc+AT/AZMSr9zubWorPmYBp3b3mZp27lEhcIttL0NKJnHcYSg==",
			"requires": {
				"aurelia-loader": "1.0.0",
				"aurelia-metadata": "1.0.4",
				"aurelia-pal": "1.8.0"
			}
		},
		"aurelia-loader-nodejs": {
			"version": "1.0.1",
			"resolved": "https://registry.npmjs.org/aurelia-loader-nodejs/-/aurelia-loader-nodejs-1.0.1.tgz",
			"integrity": "sha1-Udv8vLpu86mlHpqWLZRhraewTXs=",
			"requires": {
				"@types/debug": "0.0.29",
				"aurelia-loader": "1.0.0",
				"aurelia-metadata": "1.0.4",
				"aurelia-pal": "1.8.0",
				"aurelia-path": "1.1.1",
				"debug": "2.6.9"
			}
		},
		"aurelia-logging": {
			"version": "1.5.0",
			"resolved": "https://registry.npmjs.org/aurelia-logging/-/aurelia-logging-1.5.0.tgz",
			"integrity": "sha512-u9Hhoj3yDHthKgTyj2svr7PaO41e2WFM2dSITxzOMzW8dC9hGVsIo9Hl6cereTP4+GMfMMQF5ZFp6Kfg87Ov0Q=="
		},
		"aurelia-logging-console": {
			"version": "1.0.0",
			"resolved": "https://registry.npmjs.org/aurelia-logging-console/-/aurelia-logging-console-1.0.0.tgz",
			"integrity": "sha1-7fdQepf8aLQFE6F8Z31wQUEBrbQ=",
			"requires": {
				"aurelia-logging": "1.5.0"
			}
		},
		"aurelia-metadata": {
			"version": "1.0.4",
			"resolved": "https://registry.npmjs.org/aurelia-metadata/-/aurelia-metadata-1.0.4.tgz",
			"integrity": "sha512-9CgVH+kgrMIqWPAtdhhEJLoEPRMFz4RMsaLkYfYnK7LUCcOtZtPrOrAHCaU7jVa67JjGcsXkEqoN+xaTs0NL3g==",
			"requires": {
				"aurelia-pal": "1.8.0"
			}
		},
		"aurelia-pal": {
			"version": "1.8.0",
			"resolved": "https://registry.npmjs.org/aurelia-pal/-/aurelia-pal-1.8.0.tgz",
			"integrity": "sha512-Nc9S/JTUh1ErSUwg4INhgwBTe99ef8gYXZLjBnP4JJBmLcc/ChhOvj/dSRwluPkosggQgyj2pjla/9VAYHAXPg=="
		},
		"aurelia-pal-browser": {
			"version": "1.8.0",
			"resolved": "https://registry.npmjs.org/aurelia-pal-browser/-/aurelia-pal-browser-1.8.0.tgz",
			"integrity": "sha512-YcJyzMJ9I2NvUwac1Dcct5ZTL4NsNlB2MvLMKK5onTIlMI+azg8PSjM8OPRgms/h6cxUlKtzIiraq+KEmSqCuw==",
			"requires": {
				"aurelia-pal": "1.8.0"
			}
		},
		"aurelia-path": {
			"version": "1.1.1",
			"resolved": "https://registry.npmjs.org/aurelia-path/-/aurelia-path-1.1.1.tgz",
			"integrity": "sha1-yqnSC8hRWl+fKG2aOxjYGyyFsN0="
		},
		"aurelia-polyfills": {
			"version": "1.3.0",
			"resolved": "https://registry.npmjs.org/aurelia-polyfills/-/aurelia-polyfills-1.3.0.tgz",
			"integrity": "sha1-iZ7ABR92qXHDFpNBJ57WLH859wc=",
			"requires": {
				"aurelia-pal": "1.8.0"
			}
		},
		"aurelia-route-recognizer": {
			"version": "1.2.0",
			"resolved": "https://registry.npmjs.org/aurelia-route-recognizer/-/aurelia-route-recognizer-1.2.0.tgz",
			"integrity": "sha512-ABpfGBNclwWJik/DRSwJ5pUXAjMoD5mqGLMFbovroeWjdPQKonLh1G0BByngaWOdsIi3KrOglmktCFXqLn2jxg==",
			"requires": {
				"aurelia-path": "1.1.1"
			}
		},
		"aurelia-router": {
			"version": "1.6.1",
			"resolved": "https://registry.npmjs.org/aurelia-router/-/aurelia-router-1.6.1.tgz",
			"integrity": "sha512-fml3kdPcVCWL8db+mVCGtPmToFBnwDCId/TMJUyXV1QXdaxlwnOlhKKmKQjX0G83LSy0pCP6QdRjVWvHevcNJg==",
			"requires": {
				"aurelia-dependency-injection": "1.4.1",
				"aurelia-event-aggregator": "1.0.1",
				"aurelia-history": "1.1.0",
				"aurelia-logging": "1.5.0",
				"aurelia-path": "1.1.1",
				"aurelia-route-recognizer": "1.2.0"
			}
		},
		"aurelia-task-queue": {
			"version": "1.3.1",
			"resolved": "https://registry.npmjs.org/aurelia-task-queue/-/aurelia-task-queue-1.3.1.tgz",
			"integrity": "sha512-Eyto+EVcezwrY3qHZwBvueKb3j+e/lgKp2nNbX1y6KVJmoO9XzK/KctViprpn7ZFl9YGYjJ9s+zJM8nFlQUr1g==",
			"requires": {
				"aurelia-pal": "1.8.0"
			}
		},
		"aurelia-templating": {
			"version": "1.7.0",
			"resolved": "https://registry.npmjs.org/aurelia-templating/-/aurelia-templating-1.7.0.tgz",
			"integrity": "sha1-ATwI/RsJpX9QUVIuG7P2V/CAO2g=",
			"requires": {
				"aurelia-binding": "1.7.1",
				"aurelia-dependency-injection": "1.4.1",
				"aurelia-loader": "1.0.0",
				"aurelia-logging": "1.5.0",
				"aurelia-metadata": "1.0.4",
				"aurelia-pal": "1.8.0",
				"aurelia-path": "1.1.1",
				"aurelia-task-queue": "1.3.1"
			}
		},
		"aurelia-templating-binding": {
			"version": "1.4.2",
			"resolved": "https://registry.npmjs.org/aurelia-templating-binding/-/aurelia-templating-binding-1.4.2.tgz",
			"integrity": "sha512-IQkzDQGphbAEyOFNUm2XDjDWfqlCJGAVHsw7Q2qOrWSUCjQkWzGxR60OZDXA04GMxqetB+CpubEmAwd3ps/BHA==",
			"requires": {
				"aurelia-binding": "1.7.1",
				"aurelia-logging": "1.5.0",
				"aurelia-templating": "1.7.0"
			}
		},
		"aurelia-templating-resources": {
			"version": "1.6.0",
			"resolved": "https://registry.npmjs.org/aurelia-templating-resources/-/aurelia-templating-resources-1.6.0.tgz",
			"integrity": "sha512-CUe6ipquV7gLwFSDmzPeGec5MSwuvRGNvuwtgOli6ASQKrixa1FDliWt8O4WPdu3Wx/mzpCqjNHcGo652ZNFPQ==",
			"requires": {
				"aurelia-binding": "1.7.1",
				"aurelia-dependency-injection": "1.4.1",
				"aurelia-loader": "1.0.0",
				"aurelia-logging": "1.5.0",
				"aurelia-metadata": "1.0.4",
				"aurelia-pal": "1.8.0",
				"aurelia-path": "1.1.1",
				"aurelia-task-queue": "1.3.1",
				"aurelia-templating": "1.7.0"
			}
		},
		"aurelia-templating-router": {
			"version": "1.3.1",
			"resolved": "https://registry.npmjs.org/aurelia-templating-router/-/aurelia-templating-router-1.3.1.tgz",
			"integrity": "sha1-Jz7aqrs58sAiYloOJ4+ViC9RVh8=",
			"requires": {
				"aurelia-binding": "1.7.1",
				"aurelia-dependency-injection": "1.4.1",
				"aurelia-logging": "1.5.0",
				"aurelia-metadata": "1.0.4",
				"aurelia-pal": "1.8.0",
				"aurelia-path": "1.1.1",
				"aurelia-router": "1.6.1",
				"aurelia-templating": "1.7.0"
			}
		},
		"aurelia-testing": {
			"version": "1.0.0-beta.4.0.0",
			"resolved": "https://registry.npmjs.org/aurelia-testing/-/aurelia-testing-1.0.0-beta.4.0.0.tgz",
			"integrity": "sha1-iBTz7wq9F1RVo60iGVPjppbfV/A=",
			"requires": {
				"aurelia-dependency-injection": "1.4.1",
				"aurelia-framework": "1.2.0",
				"aurelia-logging": "1.5.0",
				"aurelia-pal": "1.8.0",
				"aurelia-templating": "1.7.0"
			}
		},
		"debug": {
			"version": "2.6.9",
			"resolved": "https://registry.npmjs.org/debug/-/debug-2.6.9.tgz",
			"integrity": "sha512-bC7ElrdJaJnPbAP+1EotYvqZsb3ecl5wi6Bfi6BJTUcNowp6cvspg0jXznRTKDjm/E7AdgFBVeAPVMNcKGsHMA==",
			"requires": {
				"ms": "2.0.0"
			}
		},
		"ms": {
			"version": "2.0.0",
			"resolved": "https://registry.npmjs.org/ms/-/ms-2.0.0.tgz",
			"integrity": "sha1-VgiurfwAvmwpAd9fmGF4jeDVl8g="
		}
	}
}
