{
	"name": "@casl/aurelia",
	"version": "1.0.0",
	"lockfileVersion": 1,
	"requires": true,
	"dependencies": {
		"@types/debug": {
			"version": "0.0.29",
			"resolved": "https://registry.npmjs.org/@types/debug/-/debug-0.0.29.tgz",
			"integrity": "sha1-oeUUrfvZLwOiJLpU1pMRHb8fN1Q=",
			"dev": true
		},
		"@types/lodash": {
			"version": "4.14.149",
			"resolved": "https://registry.npmjs.org/@types/lodash/-/lodash-4.14.149.tgz",
			"integrity": "sha512-ijGqzZt/b7BfzcK9vTrS6MFljQRPn5BFWOx8oE0GYxribu6uV+aA9zZuXI1zc/etK9E8nrgdoF2+LgUw7+9tJQ==",
			"dev": true
		},
		"aurelia-binding": {
			"version": "2.5.2",
			"resolved": "https://registry.npmjs.org/aurelia-binding/-/aurelia-binding-2.5.2.tgz",
			"integrity": "sha512-NCtjEMbBvai8quwscrPTUacCATXZqL6CW36qO2TLeM6AnvrzfDMetcj9WQu/vzgbldY1YgIEwsP3OEDeVRajdQ==",
			"dev": true,
			"requires": {
				"aurelia-logging": "^1.0.0",
				"aurelia-metadata": "^1.0.0",
				"aurelia-pal": "^1.0.0",
				"aurelia-task-queue": "^1.0.0"
			}
		},
		"aurelia-bootstrapper": {
			"version": "2.3.3",
			"resolved": "https://registry.npmjs.org/aurelia-bootstrapper/-/aurelia-bootstrapper-2.3.3.tgz",
			"integrity": "sha512-34ktKyCFAWbl4rjGSEiGNTJTk59+JMcJ+tkXElI5Gm03gOXhvDnxZl7cR3jYXakBui+rThF3i31TcASLk57oag==",
			"dev": true,
			"requires": {
				"aurelia-event-aggregator": "^1.0.0",
				"aurelia-framework": "^1.3.0",
				"aurelia-history": "^1.1.0",
				"aurelia-history-browser": "^1.1.0",
				"aurelia-loader-default": "^1.0.0",
				"aurelia-logging-console": "^1.0.0",
				"aurelia-pal": "^1.3.0",
				"aurelia-pal-browser": "^1.0.0",
				"aurelia-polyfills": "^1.0.0",
				"aurelia-router": "^1.5.0",
				"aurelia-templating": "^1.8.1",
				"aurelia-templating-binding": "^1.0.0",
				"aurelia-templating-resources": "^1.7.0",
				"aurelia-templating-router": "^1.0.0"
			}
		},
		"aurelia-dependency-injection": {
			"version": "1.5.2",
			"resolved": "https://registry.npmjs.org/aurelia-dependency-injection/-/aurelia-dependency-injection-1.5.2.tgz",
			"integrity": "sha512-LnKgpXzKuG2A/YPGeg5OOw8zvkbvDBMRJA9QDCjZlxymsPI98dwggNSQHI8UK+hTIBqOmjjRxqdMoeROo2Gpbw==",
			"dev": true,
			"requires": {
				"aurelia-metadata": "^1.0.0",
				"aurelia-pal": "^1.0.0"
			}
		},
		"aurelia-event-aggregator": {
			"version": "1.0.3",
			"resolved": "https://registry.npmjs.org/aurelia-event-aggregator/-/aurelia-event-aggregator-1.0.3.tgz",
			"integrity": "sha512-8fSWNCgh3gIsq/MgE+njVnUlYS05D6acyC8aJECekNWYecdBz46ckEblywP1ZNHLIt3u/Ws0oMqiOp1Jjw+0hw==",
			"dev": true,
			"requires": {
				"aurelia-logging": "^1.0.0"
			}
		},
		"aurelia-framework": {
			"version": "1.3.1",
			"resolved": "https://registry.npmjs.org/aurelia-framework/-/aurelia-framework-1.3.1.tgz",
			"integrity": "sha512-eKR+JnrVzYQ372pokHjfw+YfiGpFIO6yGOotGHkeLtIVZcVowX4oYe1HEkDe7/VXU3f6cDILoYkNIwrZUBij0g==",
			"dev": true,
			"requires": {
				"aurelia-binding": "^2.0.0",
				"aurelia-dependency-injection": "^1.0.0",
				"aurelia-loader": "^1.0.0",
				"aurelia-logging": "^1.0.0",
				"aurelia-metadata": "^1.0.0",
				"aurelia-pal": "^1.0.0",
				"aurelia-path": "^1.0.0",
				"aurelia-task-queue": "^1.0.0",
				"aurelia-templating": "^1.8.1"
			}
		},
		"aurelia-history": {
			"version": "1.2.1",
			"resolved": "https://registry.npmjs.org/aurelia-history/-/aurelia-history-1.2.1.tgz",
			"integrity": "sha512-mHRgGtOKkvSc7ggdJvQGhjERSW0X4TNasa6JojkWGz9e6swe0HpFysKyMt+Hp7jYmGgiuCcQnM09lhDU1YExPA==",
			"dev": true
		},
		"aurelia-history-browser": {
			"version": "1.4.0",
			"resolved": "https://registry.npmjs.org/aurelia-history-browser/-/aurelia-history-browser-1.4.0.tgz",
			"integrity": "sha512-cJdQmHHFMbv3U+xV1FwQVwBQZoJvCxKUh/sbSjwfBbguAqtwWQaj4TFkVe7kYcJaSXzbebbpnTUkSwOfRAojpw==",
			"dev": true,
			"requires": {
				"aurelia-history": "^1.0.0",
				"aurelia-pal": "^1.0.0"
			}
		},
		"aurelia-loader": {
			"version": "1.0.2",
			"resolved": "https://registry.npmjs.org/aurelia-loader/-/aurelia-loader-1.0.2.tgz",
			"integrity": "sha512-3owEe5Zsk8cIJG+zcxN6gzqUr2z2c+FKhtrL49e1j8vE4ccQQjXg+tvKFnfBVf3pwma6A474WsdK8poYhoVZyA==",
			"dev": true,
			"requires": {
				"aurelia-metadata": "^1.0.0",
				"aurelia-path": "^1.0.0"
			}
		},
		"aurelia-loader-default": {
			"version": "1.2.1",
			"resolved": "https://registry.npmjs.org/aurelia-loader-default/-/aurelia-loader-default-1.2.1.tgz",
			"integrity": "sha512-V142AYyBFs8m+YD80wWwcjJ4E8lzIv3uAbgUCmgQuBjPxeyWEbaIzxvQvRrrHCI90L64boRNWDiU1VxKlPB1pA==",
			"dev": true,
			"requires": {
				"aurelia-loader": "^1.0.0",
				"aurelia-metadata": "^1.0.0",
				"aurelia-pal": "^1.0.0"
			}
		},
		"aurelia-loader-nodejs": {
			"version": "1.1.0",
			"resolved": "https://registry.npmjs.org/aurelia-loader-nodejs/-/aurelia-loader-nodejs-1.1.0.tgz",
			"integrity": "sha512-c1tvaWbYRUWepXkinC9qUbXgYxCxGE7qFxMGRvVmc4Cyosr8tbCPptrtAoF9s7C8reapjxQXdQWhYDCSId0iRg==",
			"dev": true,
			"requires": {
				"@types/debug": "^0.0.29",
				"@types/lodash": "^4.14.62",
				"aurelia-loader": "^1.0.0",
				"aurelia-metadata": "^1.0.2",
				"aurelia-pal": "^1.0.0",
				"aurelia-path": "^1.1.1",
				"debug": "^2.3.2"
			}
		},
		"aurelia-logging": {
			"version": "1.5.2",
			"resolved": "https://registry.npmjs.org/aurelia-logging/-/aurelia-logging-1.5.2.tgz",
			"integrity": "sha512-R0UdpGYBNSosBZ9WefmoIpgr36szFwQrRk2pbblhI+Vx911dUEEW85QXb6BRKVAP1ykz52Fuq8lCZxR6UupQXA==",
			"dev": true
		},
		"aurelia-logging-console": {
			"version": "1.1.1",
			"resolved": "https://registry.npmjs.org/aurelia-logging-console/-/aurelia-logging-console-1.1.1.tgz",
			"integrity": "sha512-fruw56b5P6qgVcbtwGok2m85hm/TI2Tt6Nzs1DOWUTnG8aeNLfCx6pRYBDZIQc/7VjX481e1tn4VqTncwXWCog==",
			"dev": true
		},
		"aurelia-metadata": {
			"version": "1.0.6",
			"resolved": "https://registry.npmjs.org/aurelia-metadata/-/aurelia-metadata-1.0.6.tgz",
			"integrity": "sha512-u3GnsivLSssUmqPmny8EfEWPdUPcKUq1pPWO5q12i+eZ1d7WXa91eop37sYoYyGmO609YakUF1AMiY7occBrjA==",
			"dev": true,
			"requires": {
				"aurelia-pal": "^1.0.0"
			}
		},
		"aurelia-pal": {
			"version": "1.8.2",
			"resolved": "https://registry.npmjs.org/aurelia-pal/-/aurelia-pal-1.8.2.tgz",
			"integrity": "sha512-6erozUK5aaD88PvThs/L87kLsqxqPaBU59PGECr36v9yezhve0BHqpKgbtJ8haHJSiH80K9lsJtXfefedS/3sw==",
			"dev": true
		},
		"aurelia-pal-browser": {
			"version": "1.8.1",
			"resolved": "https://registry.npmjs.org/aurelia-pal-browser/-/aurelia-pal-browser-1.8.1.tgz",
			"integrity": "sha512-wUZ/9EEaYKN7omQKESUakZO5aYrNslK1xLY3huMOpZGRsZJT6O76uPS2dDxefGWQEjUBtueMBq9Um7IcQGWXFw==",
			"dev": true,
			"requires": {
				"aurelia-pal": "^1.4.0"
			}
		},
		"aurelia-path": {
			"version": "1.1.5",
			"resolved": "https://registry.npmjs.org/aurelia-path/-/aurelia-path-1.1.5.tgz",
			"integrity": "sha512-gvjGQalckFXMXJEztlUTQXa4y7fES6/QaC+fSPqE9FcHlB9DE4b0gztY9RRUf+8guCo5L6122h+iYk1AR/ICrQ==",
			"dev": true
		},
		"aurelia-polyfills": {
			"version": "1.3.4",
			"resolved": "https://registry.npmjs.org/aurelia-polyfills/-/aurelia-polyfills-1.3.4.tgz",
			"integrity": "sha512-NvOBYi4aWnxWCxfCfyW5DObggevOwfkC0riGMicgXNQg/ngpaQpFIXQgc4jMlI6jyE+/e38J36Hd9CeUcj04BA==",
			"dev": true,
			"requires": {
				"aurelia-pal": "^1.0.0"
			}
		},
		"aurelia-route-recognizer": {
			"version": "1.3.2",
			"resolved": "https://registry.npmjs.org/aurelia-route-recognizer/-/aurelia-route-recognizer-1.3.2.tgz",
			"integrity": "sha512-nBlNSVmN1aX6KpzCzbISrolX8ETqt/Otet+Lp2qpI98ib9ZoSXVrFDZSgPaOSJaUs3A0r+felLSqBm3NNHqy4g==",
			"dev": true,
			"requires": {
				"aurelia-path": "^1.0.0"
			}
		},
		"aurelia-router": {
			"version": "1.7.1",
			"resolved": "https://registry.npmjs.org/aurelia-router/-/aurelia-router-1.7.1.tgz",
			"integrity": "sha512-P6xxikeHHzVLxpZD8tvTwGJmEHY3M1MPTiIYzk32s85scd4kQ77FgQWo77ujYNv6hjrExifLFbrxIB7pUEziIQ==",
			"dev": true,
			"requires": {
				"aurelia-dependency-injection": "^1.0.0",
				"aurelia-event-aggregator": "^1.0.0",
				"aurelia-history": "^1.1.0",
				"aurelia-logging": "^1.0.0",
				"aurelia-path": "^1.0.0",
				"aurelia-route-recognizer": "^1.3.2"
			}
		},
		"aurelia-task-queue": {
			"version": "1.3.3",
			"resolved": "https://registry.npmjs.org/aurelia-task-queue/-/aurelia-task-queue-1.3.3.tgz",
			"integrity": "sha512-ua3J2YO+cZgpn1MqxPlanSDXG4SB0BXotxYDW1iL5f6AsoEvJ3BycZJYw/N9hMQKmWniOeaBr7wGQ+KDiZFywQ==",
			"dev": true,
			"requires": {
				"aurelia-pal": "^1.0.0"
			}
		},
		"aurelia-templating": {
			"version": "1.10.3",
			"resolved": "https://registry.npmjs.org/aurelia-templating/-/aurelia-templating-1.10.3.tgz",
			"integrity": "sha512-wLacTVjOsC8IJOdV0Syy/CaHs/lOPXfq9VHYmmAbkuVrajezWn1q+DVKCU0/F7W0eu5+Fvf8A+4QDQyfxe0Cbg==",
			"dev": true,
			"requires": {
				"aurelia-binding": "^2.0.0",
				"aurelia-dependency-injection": "^1.0.0",
				"aurelia-loader": "^1.0.0",
				"aurelia-logging": "^1.0.0",
				"aurelia-metadata": "^1.0.0",
				"aurelia-pal": "^1.0.0",
				"aurelia-path": "^1.0.0",
				"aurelia-task-queue": "^1.1.0"
			}
		},
		"aurelia-templating-binding": {
			"version": "1.5.3",
			"resolved": "https://registry.npmjs.org/aurelia-templating-binding/-/aurelia-templating-binding-1.5.3.tgz",
			"integrity": "sha512-HGfPfmykVdMSCb/ugfB2eQx0CmgUy0XnQOr1i3eenOW4ZN9sg7UNtxNhWorhXgKnUPf13XleA/HeIkwBnILATA==",
			"dev": true,
			"requires": {
				"aurelia-binding": "^2.0.0",
				"aurelia-logging": "^1.0.0",
				"aurelia-templating": "^1.3.0"
			}
		},
		"aurelia-templating-resources": {
			"version": "1.13.0",
			"resolved": "https://registry.npmjs.org/aurelia-templating-resources/-/aurelia-templating-resources-1.13.0.tgz",
			"integrity": "sha512-ZaJxEsqkbhhJFdU9e9AcVXXqPO+/KcJwxkoTSVxp/u1L4En/uFfMdl8jPwZmne/ZuyB6RrKRDwFTGRboI/j4xw==",
			"dev": true,
			"requires": {
				"aurelia-binding": "^2.0.0",
				"aurelia-dependency-injection": "^1.0.0",
				"aurelia-loader": "^1.0.0",
				"aurelia-logging": "^1.0.0",
				"aurelia-metadata": "^1.0.0",
				"aurelia-pal": "^1.3.0",
				"aurelia-path": "^1.0.0",
				"aurelia-task-queue": "^1.0.0",
				"aurelia-templating": "^1.8.1"
			}
		},
		"aurelia-templating-router": {
			"version": "1.4.0",
			"resolved": "https://registry.npmjs.org/aurelia-templating-router/-/aurelia-templating-router-1.4.0.tgz",
			"integrity": "sha512-qjVPVoDpUc9T0rHpXtevD433z+ent/n9cG2Jc1rWqVOt+3n6tGMOR+GgrZnv3q6P0DMZqy/pz6n3th5Y/aK6LA==",
			"dev": true,
			"requires": {
				"aurelia-binding": "^2.0.0",
				"aurelia-dependency-injection": "^1.3.0",
				"aurelia-logging": "^1.0.0",
				"aurelia-metadata": "^1.0.0",
				"aurelia-pal": "^1.3.0",
				"aurelia-path": "^1.0.0",
				"aurelia-templating": "^1.8.1"
			}
		},
		"aurelia-testing": {
			"version": "1.0.0",
			"resolved": "https://registry.npmjs.org/aurelia-testing/-/aurelia-testing-1.0.0.tgz",
			"integrity": "sha512-eLzP7Run0PyN0l1YWQobr2H/OEd0zSPabPKcbMD9gAxfGEKpotTQFFEEhCXEJu9ykLWqjO1TARB5SqoXpfdfGg==",
			"dev": true,
			"requires": {
				"aurelia-dependency-injection": "^1.0.0",
				"aurelia-framework": "^1.0.0",
				"aurelia-logging": "^1.0.0",
				"aurelia-pal": "^1.0.0",
				"aurelia-templating": "^1.0.0"
			}
		},
		"debug": {
			"version": "2.6.9",
			"resolved": "https://registry.npmjs.org/debug/-/debug-2.6.9.tgz",
			"integrity": "sha512-bC7ElrdJaJnPbAP+1EotYvqZsb3ecl5wi6Bfi6BJTUcNowp6cvspg0jXznRTKDjm/E7AdgFBVeAPVMNcKGsHMA==",
			"dev": true,
			"requires": {
				"ms": "2.0.0"
			}
		},
		"ms": {
			"version": "2.0.0",
			"resolved": "https://registry.npmjs.org/ms/-/ms-2.0.0.tgz",
			"integrity": "sha1-VgiurfwAvmwpAd9fmGF4jeDVl8g=",
			"dev": true
		}
	}
}
