{
	"name": "@casl/aurelia",
	"version": "0.5.0",
	"lockfileVersion": 1,
	"requires": true,
	"dependencies": {
		"@casl/ability": {
			"version": "2.5.1",
			"resolved": "https://registry.npmjs.org/@casl/ability/-/ability-2.5.1.tgz",
			"integrity": "sha512-Ju1cl1R4xgPiiYxmjUAoO+rhNxp0ximyKZzWuw4/DLKHnbQNqbSVyDkRSVHuAuL+BWyeBsaD/sVSwxUitYlDyA==",
			"dev": true,
			"requires": {
				"sift": "^7.0.1"
			}
		},
		"@types/debug": {
			"version": "0.0.29",
			"resolved": "https://registry.npmjs.org/@types/debug/-/debug-0.0.29.tgz",
			"integrity": "sha1-oeUUrfvZLwOiJLpU1pMRHb8fN1Q=",
			"dev": true
		},
		"aurelia-binding": {
			"version": "2.2.0",
			"resolved": "https://registry.npmjs.org/aurelia-binding/-/aurelia-binding-2.2.0.tgz",
			"integrity": "sha512-bZ2DZ4fsQMTa+q54q+rU6o4xvfsC+RiCkjiwtRDU+DFsQOKPHOUqS9RhFgimSKzELpHzj+bxTxoXjImoowzR0Q==",
			"dev": true,
			"requires": {
				"aurelia-logging": "^1.0.0",
				"aurelia-metadata": "^1.0.0",
				"aurelia-pal": "^1.0.0",
				"aurelia-task-queue": "^1.0.0"
			}
		},
		"aurelia-bootstrapper": {
			"version": "2.3.2",
			"resolved": "https://registry.npmjs.org/aurelia-bootstrapper/-/aurelia-bootstrapper-2.3.2.tgz",
			"integrity": "sha512-WolmPnrQ6dp63jVpfpSBAj0nMax27WXA/h8jw6oukRy8u7oDYfIXJU3gajNPe6/ztDoEtSDF5mimyRjCiJPkWA==",
			"dev": true,
			"requires": {
				"aurelia-event-aggregator": "^1.0.0",
				"aurelia-framework": "^1.3.0",
				"aurelia-history": "^1.1.0",
				"aurelia-history-browser": "^1.1.0",
				"aurelia-loader-default": "^1.0.0",
				"aurelia-logging-console": "^1.0.0",
				"aurelia-pal": "^1.3.0",
				"aurelia-pal-browser": "^1.0.0",
				"aurelia-polyfills": "^1.0.0",
				"aurelia-router": "^1.5.0",
				"aurelia-templating": "^1.8.1",
				"aurelia-templating-binding": "^1.0.0",
				"aurelia-templating-resources": "^1.7.0",
				"aurelia-templating-router": "^1.0.0"
			}
		},
		"aurelia-dependency-injection": {
			"version": "1.4.2",
			"resolved": "https://registry.npmjs.org/aurelia-dependency-injection/-/aurelia-dependency-injection-1.4.2.tgz",
			"integrity": "sha512-NddvPLnKx6VQA70BXa1sfaLeEqwBfNrMaTYdHSS9kKD20lBwsXHWBZtRQPgRg9LF8g4yFKjxEgRA9Ja6SFregA==",
			"dev": true,
			"requires": {
				"aurelia-metadata": "^1.0.0",
				"aurelia-pal": "^1.0.0"
			}
		},
		"aurelia-event-aggregator": {
			"version": "1.0.2",
			"resolved": "https://registry.npmjs.org/aurelia-event-aggregator/-/aurelia-event-aggregator-1.0.2.tgz",
			"integrity": "sha512-x/M9G7RsLT7w6ZYIbEGkgYCo5TtE5m+K628Ab3vaiXJFIH8cGKBM0JiZU4N4C6R0ckBgGp2ssSCg8gp4SI9+vA==",
			"dev": true,
			"requires": {
				"aurelia-logging": "^1.0.0"
			}
		},
		"aurelia-framework": {
			"version": "1.3.1",
			"resolved": "https://registry.npmjs.org/aurelia-framework/-/aurelia-framework-1.3.1.tgz",
			"integrity": "sha512-eKR+JnrVzYQ372pokHjfw+YfiGpFIO6yGOotGHkeLtIVZcVowX4oYe1HEkDe7/VXU3f6cDILoYkNIwrZUBij0g==",
			"dev": true,
			"requires": {
				"aurelia-binding": "^2.0.0",
				"aurelia-dependency-injection": "^1.0.0",
				"aurelia-loader": "^1.0.0",
				"aurelia-logging": "^1.0.0",
				"aurelia-metadata": "^1.0.0",
				"aurelia-pal": "^1.0.0",
				"aurelia-path": "^1.0.0",
				"aurelia-task-queue": "^1.0.0",
				"aurelia-templating": "^1.8.1"
			}
		},
		"aurelia-history": {
			"version": "1.2.0",
			"resolved": "https://registry.npmjs.org/aurelia-history/-/aurelia-history-1.2.0.tgz",
			"integrity": "sha512-hWYUSXvI6A/urDl8eq3ETBWPWt0fovZk6dPPjvK38YyXFqsNgx2lC1tNpywx2ecL1y0OWkLZvOnJgw4bzIdecw==",
			"dev": true
		},
		"aurelia-history-browser": {
			"version": "1.3.0",
			"resolved": "https://registry.npmjs.org/aurelia-history-browser/-/aurelia-history-browser-1.3.0.tgz",
			"integrity": "sha512-zH9AXBnECPnEUFxkaSXZ94nadG5M0B6aCdbGtU0Lm5LQzjZhf/u7e1QdUd+PnhfRovibP/0pKDOYiZsLIomzfg==",
			"dev": true,
			"requires": {
				"aurelia-history": "^1.0.0",
				"aurelia-pal": "^1.0.0"
			}
		},
		"aurelia-loader": {
			"version": "1.0.1",
			"resolved": "https://registry.npmjs.org/aurelia-loader/-/aurelia-loader-1.0.1.tgz",
			"integrity": "sha512-WPCZv5nH9l8jeyDk9+VnS8Zjip0zvHUzYLellg8MH0xrFXYvNRZDOJUIXHeAPaPNAjHbZmxBby4WV9KnKdvQ1A==",
			"dev": true,
			"requires": {
				"aurelia-metadata": "^1.0.0",
				"aurelia-path": "^1.0.0"
			}
		},
		"aurelia-loader-default": {
			"version": "1.2.0",
			"resolved": "https://registry.npmjs.org/aurelia-loader-default/-/aurelia-loader-default-1.2.0.tgz",
			"integrity": "sha512-EDpEkXis6LtnU5EDqaWxsnT2CsrHYxsevO1h6Yr2t/SlS7ahZMFUaVw1VYfFas04Rq/UR/SN8QmfYVJa5kAlIw==",
			"dev": true,
			"requires": {
				"aurelia-loader": "^1.0.0",
				"aurelia-metadata": "^1.0.0",
				"aurelia-pal": "^1.0.0"
			}
		},
		"aurelia-loader-nodejs": {
			"version": "1.0.1",
			"resolved": "https://registry.npmjs.org/aurelia-loader-nodejs/-/aurelia-loader-nodejs-1.0.1.tgz",
			"integrity": "sha1-Udv8vLpu86mlHpqWLZRhraewTXs=",
			"dev": true,
			"requires": {
				"@types/debug": "^0.0.29",
				"aurelia-loader": "^1.0.0",
				"aurelia-metadata": "^1.0.2",
				"aurelia-pal": "^1.0.0",
				"aurelia-path": "^1.1.1",
				"debug": "^2.3.2"
			}
		},
		"aurelia-logging": {
			"version": "1.5.1",
			"resolved": "https://registry.npmjs.org/aurelia-logging/-/aurelia-logging-1.5.1.tgz",
			"integrity": "sha512-HRycP+LrzAOsKN4bOQftP9aVztvVhsuvVZqHV9uuunK9peQCx38sTnC1mdC/qxoF+qFa7xVSVJh1xg8Whj1jrg==",
			"dev": true
		},
		"aurelia-logging-console": {
			"version": "1.1.0",
			"resolved": "https://registry.npmjs.org/aurelia-logging-console/-/aurelia-logging-console-1.1.0.tgz",
			"integrity": "sha512-gv6Wf+xkHzv6izP6V9HquFUf0WNMUfhO6i5JkcZEBkSC2Jc3JM5Fkr0OPUwPu2M0FIG/90a5PNuEpvjjJamQ6Q==",
			"dev": true
		},
		"aurelia-metadata": {
			"version": "1.0.5",
			"resolved": "https://registry.npmjs.org/aurelia-metadata/-/aurelia-metadata-1.0.5.tgz",
			"integrity": "sha512-7/xrjDXSSiPlwcw8CDh4GvtvKldfyl4IGUl9uIPhHLaAtC/i3ctBdSYIaosATY/3L/Yurc8zH1aJEhF01shL9w==",
			"dev": true,
			"requires": {
				"aurelia-pal": "^1.0.0"
			}
		},
		"aurelia-pal": {
			"version": "1.8.1",
			"resolved": "https://registry.npmjs.org/aurelia-pal/-/aurelia-pal-1.8.1.tgz",
			"integrity": "sha512-8QwwS/gHdxRh0+a6pKnyVA1/xHcZV1P1nH7Vai3k+HjVLwj1cnsF/TCDx9SGedhEQxDzIryL41k6OcjwZR94Ig==",
			"dev": true
		},
		"aurelia-pal-browser": {
			"version": "1.8.1",
			"resolved": "https://registry.npmjs.org/aurelia-pal-browser/-/aurelia-pal-browser-1.8.1.tgz",
			"integrity": "sha512-wUZ/9EEaYKN7omQKESUakZO5aYrNslK1xLY3huMOpZGRsZJT6O76uPS2dDxefGWQEjUBtueMBq9Um7IcQGWXFw==",
			"dev": true,
			"requires": {
				"aurelia-pal": "^1.4.0"
			}
		},
		"aurelia-path": {
			"version": "1.1.2",
			"resolved": "https://registry.npmjs.org/aurelia-path/-/aurelia-path-1.1.2.tgz",
			"integrity": "sha512-g3bfQln0Z0RQzSl3sLk0WX7CGDZsBoj5ftkvV+o9jaHpCkwCKXPxVZ3TafsvomjnsfonxmYOsHRqbtqMR4WEcw==",
			"dev": true
		},
		"aurelia-polyfills": {
			"version": "1.3.3",
			"resolved": "https://registry.npmjs.org/aurelia-polyfills/-/aurelia-polyfills-1.3.3.tgz",
			"integrity": "sha512-wv/66tMyP1xOZl8P351/gywqYTyBrd9pSy6kJEoKh0KKQ8aTc95/80lOx7lmhvxWu6cPNjG+wsMlCtISV1+VTw==",
			"dev": true,
			"requires": {
				"aurelia-pal": "^1.0.0"
			}
		},
		"aurelia-route-recognizer": {
			"version": "1.3.1",
			"resolved": "https://registry.npmjs.org/aurelia-route-recognizer/-/aurelia-route-recognizer-1.3.1.tgz",
			"integrity": "sha512-ebvBT3hAmvCyOqDEImRL0sSu4X1PKzOQp1uGwz2pCSr6IKhdJR/TlnPEr9NoGtdZXrjJP9mUae5p7dWeII67vw==",
			"dev": true,
			"requires": {
				"aurelia-path": "^1.0.0"
			}
		},
		"aurelia-router": {
			"version": "1.6.3",
			"resolved": "https://registry.npmjs.org/aurelia-router/-/aurelia-router-1.6.3.tgz",
			"integrity": "sha512-6Dsr+8cSq4Bf61OOHhTQgkZvis4mhjqh1QbIKO7Ny+oRYdhnFjz1izHDYAosD52spXl/mVtlC1pJSg/ooAtHqA==",
			"dev": true,
			"requires": {
				"aurelia-dependency-injection": "^1.0.0",
				"aurelia-event-aggregator": "^1.0.0",
				"aurelia-history": "^1.1.0",
				"aurelia-logging": "^1.0.0",
				"aurelia-path": "^1.0.0",
				"aurelia-route-recognizer": "^1.2.0"
			}
		},
		"aurelia-task-queue": {
			"version": "1.3.2",
			"resolved": "https://registry.npmjs.org/aurelia-task-queue/-/aurelia-task-queue-1.3.2.tgz",
			"integrity": "sha512-4a3TLUP6rN2RG9bW9g2yM6G4cE70sWXqAV1OAoYDgv9QHmlXFP8V/DEJxVjdcmEQwmtenRN+uQA0AkDORpgHUg==",
			"dev": true,
			"requires": {
				"aurelia-pal": "^1.0.0"
			}
		},
		"aurelia-templating": {
			"version": "1.10.1",
			"resolved": "https://registry.npmjs.org/aurelia-templating/-/aurelia-templating-1.10.1.tgz",
			"integrity": "sha512-GDClZWk+32SUYMsEttRFE3+dIbzZeDf5vl9dvuO6ULe+erTUOq2TUf9pHknWZuzoXXdGSD2qQnk+AEZZWW3MOQ==",
			"dev": true,
			"requires": {
				"aurelia-binding": "^2.0.0",
				"aurelia-dependency-injection": "^1.0.0",
				"aurelia-loader": "^1.0.0",
				"aurelia-logging": "^1.0.0",
				"aurelia-metadata": "^1.0.0",
				"aurelia-pal": "^1.0.0",
				"aurelia-path": "^1.0.0",
				"aurelia-task-queue": "^1.1.0"
			}
		},
		"aurelia-templating-binding": {
			"version": "1.5.2",
			"resolved": "https://registry.npmjs.org/aurelia-templating-binding/-/aurelia-templating-binding-1.5.2.tgz",
			"integrity": "sha512-G2zMZGse1n6o/pWjlvSmTevgXBq+ZapHWA9SlRyChoZOwz1/+wzPUF/0a+EqHpAB5cW/nqWCo9a53GRqmzLR1w==",
			"dev": true,
			"requires": {
				"aurelia-binding": "^2.0.0",
				"aurelia-logging": "^1.0.0",
				"aurelia-templating": "^1.3.0"
			}
		},
		"aurelia-templating-resources": {
			"version": "1.8.0",
			"resolved": "https://registry.npmjs.org/aurelia-templating-resources/-/aurelia-templating-resources-1.8.0.tgz",
			"integrity": "sha512-kTEcWxsMDZmoDFl5+WMmgvc1+tGIEjcOJW0nDqucRAywO++dLLjxxxxZBSHRjIfb4dAaTWlKBLpzosHV35MOFQ==",
			"dev": true,
			"requires": {
				"aurelia-binding": "^2.0.0",
				"aurelia-dependency-injection": "^1.0.0",
				"aurelia-loader": "^1.0.0",
				"aurelia-logging": "^1.0.0",
				"aurelia-metadata": "^1.0.0",
				"aurelia-pal": "^1.3.0",
				"aurelia-path": "^1.0.0",
				"aurelia-task-queue": "^1.0.0",
				"aurelia-templating": "^1.8.1"
			}
		},
		"aurelia-templating-router": {
			"version": "1.3.3",
			"resolved": "https://registry.npmjs.org/aurelia-templating-router/-/aurelia-templating-router-1.3.3.tgz",
			"integrity": "sha512-Bfl3QwXSJtyN5Q1kNgOn4vM+Q3aYrZ+lShumbhn349/TjHRUPz73CihJvdTQoMBYPV8CwEeZt2qgmrPc1MmQYA==",
			"dev": true,
			"requires": {
				"aurelia-binding": "^2.0.0",
				"aurelia-dependency-injection": "^1.0.0",
				"aurelia-logging": "^1.0.0",
				"aurelia-metadata": "^1.0.0",
				"aurelia-pal": "^1.3.0",
				"aurelia-path": "^1.0.0",
				"aurelia-router": "^1.5.0",
				"aurelia-templating": "^1.8.1"
			}
		},
		"aurelia-testing": {
			"version": "1.0.0",
			"resolved": "https://registry.npmjs.org/aurelia-testing/-/aurelia-testing-1.0.0.tgz",
			"integrity": "sha512-eLzP7Run0PyN0l1YWQobr2H/OEd0zSPabPKcbMD9gAxfGEKpotTQFFEEhCXEJu9ykLWqjO1TARB5SqoXpfdfGg==",
			"dev": true,
			"requires": {
				"aurelia-dependency-injection": "^1.0.0",
				"aurelia-framework": "^1.0.0",
				"aurelia-logging": "^1.0.0",
				"aurelia-pal": "^1.0.0",
				"aurelia-templating": "^1.0.0"
			}
		},
		"debug": {
			"version": "2.6.9",
			"resolved": "https://registry.npmjs.org/debug/-/debug-2.6.9.tgz",
			"integrity": "sha512-bC7ElrdJaJnPbAP+1EotYvqZsb3ecl5wi6Bfi6BJTUcNowp6cvspg0jXznRTKDjm/E7AdgFBVeAPVMNcKGsHMA==",
			"dev": true,
			"requires": {
				"ms": "2.0.0"
			}
		},
		"ms": {
			"version": "2.0.0",
			"resolved": "https://registry.npmjs.org/ms/-/ms-2.0.0.tgz",
			"integrity": "sha1-VgiurfwAvmwpAd9fmGF4jeDVl8g=",
			"dev": true
		},
		"sift": {
			"version": "7.0.1",
			"resolved": "https://registry.npmjs.org/sift/-/sift-7.0.1.tgz",
			"integrity": "sha512-oqD7PMJ+uO6jV9EQCl0LrRw1OwsiPsiFQR5AR30heR+4Dl7jBBbDLnNvWiak20tzZlSE1H7RB30SX/1j/YYT7g==",
			"dev": true
		}
	}
}
