{
	"requires": true,
	"lockfileVersion": 1,
	"dependencies": {
		"@types/bson": {
			"version": "1.0.8",
			"resolved": "https://registry.npmjs.org/@types/bson/-/bson-1.0.8.tgz",
			"integrity": "sha512-PMa4nkRhLaqwsXQDDTzGbTyCIpej0ERznyAP9fyuGnlsmUbcC4Y25mdqjibYjkOPNyK/BWWUKneruaKHcS3Q8g==",
			"requires": {
				"@types/node": "10.0.9"
			}
		},
		"@types/events": {
			"version": "1.2.0",
			"resolved": "https://registry.npmjs.org/@types/events/-/events-1.2.0.tgz",
			"integrity": "sha512-KEIlhXnIutzKwRbQkGWb/I4HFqBuUykAdHgDED6xqwXJfONCjF5VoE0cXEiurh3XauygxzeDzgtXUqvLkxFzzA=="
		},
		"@types/mongodb": {
			"version": "3.0.18",
			"resolved": "https://registry.npmjs.org/@types/mongodb/-/mongodb-3.0.18.tgz",
			"integrity": "sha512-0LflLyhsCEMOSiqcTb7QYl/VQv3m0acU0ouI7sPmyNmL4P1JNldiJZsNcmIliLyHFaKTQ3Rb+BJtUBLzlVhKzg==",
			"requires": {
				"@types/bson": "1.0.8",
				"@types/events": "1.2.0",
				"@types/node": "10.0.9"
			}
		},
		"@types/mongoose": {
			"version": "5.0.13",
			"resolved": "https://registry.npmjs.org/@types/mongoose/-/mongoose-5.0.13.tgz",
			"integrity": "sha512-Uv3jHVydlanaAmdTKRviVSdtkMgiNAwuuNun7+6xVXC1I82bvpK0o3gzlad4WfrB16mtVKiWhIiSY8GmxechhQ==",
			"requires": {
				"@types/events": "1.2.0",
				"@types/mongodb": "3.0.18",
				"@types/node": "10.0.9"
			}
		},
		"@types/node": {
			"version": "10.0.9",
			"resolved": "https://registry.npmjs.org/@types/node/-/node-10.0.9.tgz",
			"integrity": "sha512-ekJ3mXJcJP+Nn5kC6eCmWPND/fHx/Ga12Lz0IJgTfGz1ge7OCIR5xcDY5tcYgnyM1kWsVDRH2bguxkGcNj39AQ=="
		},
		"async": {
			"version": "2.1.4",
			"resolved": "https://registry.npmjs.org/async/-/async-2.1.4.tgz",
			"integrity": "sha1-LSFgx3iAMuTdbL4lAvH5osj2zeQ=",
			"requires": {
				"lodash": "4.17.10"
			}
		},
		"bluebird": {
			"version": "3.5.0",
			"resolved": "https://registry.npmjs.org/bluebird/-/bluebird-3.5.0.tgz",
			"integrity": "sha1-eRQg1/VR7qKJdFOop3ZT+WYG1nw="
		},
		"bson": {
			"version": "1.0.6",
			"resolved": "https://registry.npmjs.org/bson/-/bson-1.0.6.tgz",
			"integrity": "sha512-D8zmlb46xfuK2gGvKmUjIklQEouN2nQ0LEHHeZ/NoHM2LDiMk2EYzZ5Ntw/Urk+bgMDosOZxaRzXxvhI5TcAVQ=="
		},
		"debug": {
			"version": "2.6.9",
			"resolved": "https://registry.npmjs.org/debug/-/debug-2.6.9.tgz",
			"integrity": "sha512-bC7ElrdJaJnPbAP+1EotYvqZsb3ecl5wi6Bfi6BJTUcNowp6cvspg0jXznRTKDjm/E7AdgFBVeAPVMNcKGsHMA==",
			"requires": {
				"ms": "2.0.0"
			}
		},
		"kareem": {
			"version": "2.0.7",
			"resolved": "https://registry.npmjs.org/kareem/-/kareem-2.0.7.tgz",
			"integrity": "sha512-p8+lEpsNs4N0fvNOC1/zzDO0wDrD3Pb1G+OwfIG+gKVK3MyY5jeaGYh+9Qx6jb4fEG2b3E6U98vaE9MH7Gilsw=="
		},
		"lodash": {
			"version": "4.17.10",
			"resolved": "https://registry.npmjs.org/lodash/-/lodash-4.17.10.tgz",
			"integrity": "sha512-UejweD1pDoXu+AD825lWwp4ZGtSwgnpZxb3JDViD7StjQz+Nb/6l093lx4OQ0foGWNRoc19mWy7BzL+UAK2iVg=="
		},
		"lodash.get": {
			"version": "4.4.2",
			"resolved": "https://registry.npmjs.org/lodash.get/-/lodash.get-4.4.2.tgz",
			"integrity": "sha1-LRd/ZS+jHpObRDjVNBSZ36OCXpk="
		},
		"mongodb": {
			"version": "3.0.8",
			"resolved": "https://registry.npmjs.org/mongodb/-/mongodb-3.0.8.tgz",
			"integrity": "sha512-mj7yIUyAr9xnO2ev8pcVJ9uX7gSum5LLs1qIFoWLxA5Il50+jcojKtaO1/TbexsScZ9Poz00Pc3b86GiSqJ7WA==",
			"requires": {
				"mongodb-core": "3.0.8"
			}
		},
		"mongodb-core": {
			"version": "3.0.8",
			"resolved": "https://registry.npmjs.org/mongodb-core/-/mongodb-core-3.0.8.tgz",
			"integrity": "sha512-dFxfhH9N7ohuQnINyIl6dqEF8sYOE0WKuymrFf3L3cipJNrx+S8rAbNOTwa00/fuJCjBMJNFsaA+R2N16//UIw==",
			"requires": {
				"bson": "1.0.6",
				"require_optional": "1.0.1"
			}
		},
		"mongoose": {
			"version": "5.1.1",
			"resolved": "https://registry.npmjs.org/mongoose/-/mongoose-5.1.1.tgz",
			"integrity": "sha512-pmVX//61yX8hV/Db790Cym8CGYd29OYQROYx6ve6ab4LbUW0+GehiBVDlnE9Tvogaz8nndHlVUb+iXwOBw/MNw==",
			"requires": {
				"async": "2.1.4",
				"bson": "1.0.6",
				"kareem": "2.0.7",
				"lodash.get": "4.4.2",
				"mongodb": "3.0.8",
				"mongoose-legacy-pluralize": "1.0.2",
				"mpath": "0.4.1",
				"mquery": "3.0.0",
				"ms": "2.0.0",
				"regexp-clone": "0.0.1",
				"sliced": "1.0.1"
			}
		},
		"mongoose-legacy-pluralize": {
			"version": "1.0.2",
			"resolved": "https://registry.npmjs.org/mongoose-legacy-pluralize/-/mongoose-legacy-pluralize-1.0.2.tgz",
			"integrity": "sha512-Yo/7qQU4/EyIS8YDFSeenIvXxZN+ld7YdV9LqFVQJzTLye8unujAWPZ4NWKfFA+RNjh+wvTWKY9Z3E5XM6ZZiQ=="
		},
		"mpath": {
			"version": "0.4.1",
			"resolved": "https://registry.npmjs.org/mpath/-/mpath-0.4.1.tgz",
			"integrity": "sha512-NNY/MpBkALb9jJmjpBlIi6GRoLveLUM0pJzgbp9vY9F7IQEb/HREC/nxrixechcQwd1NevOhJnWWV8QQQRE+OA=="
		},
		"mquery": {
			"version": "3.0.0",
			"resolved": "https://registry.npmjs.org/mquery/-/mquery-3.0.0.tgz",
			"integrity": "sha512-WL1Lk8v4l8VFSSwN3yCzY9TXw+fKVYKn6f+w86TRzOLSE8k1yTgGaLBPUByJQi8VcLbOdnUneFV/y3Kv874pnQ==",
			"requires": {
				"bluebird": "3.5.0",
				"debug": "2.6.9",
				"regexp-clone": "0.0.1",
				"sliced": "0.0.5"
			},
			"dependencies": {
				"sliced": {
					"version": "0.0.5",
					"resolved": "https://registry.npmjs.org/sliced/-/sliced-0.0.5.tgz",
					"integrity": "sha1-XtwETKTrb3gW1Qui/GPiXY/kcH8="
				}
			}
		},
		"ms": {
			"version": "2.0.0",
			"resolved": "https://registry.npmjs.org/ms/-/ms-2.0.0.tgz",
			"integrity": "sha1-VgiurfwAvmwpAd9fmGF4jeDVl8g="
		},
		"regexp-clone": {
			"version": "0.0.1",
			"resolved": "https://registry.npmjs.org/regexp-clone/-/regexp-clone-0.0.1.tgz",
			"integrity": "sha1-p8LgmJH9vzj7sQ03b7cwA+aKxYk="
		},
		"require_optional": {
			"version": "1.0.1",
			"resolved": "https://registry.npmjs.org/require_optional/-/require_optional-1.0.1.tgz",
			"integrity": "sha512-qhM/y57enGWHAe3v/NcwML6a3/vfESLe/sGM2dII+gEO0BpKRUkWZow/tyloNqJyN6kXSl3RyyM8Ll5D/sJP8g==",
			"requires": {
				"resolve-from": "2.0.0",
				"semver": "5.5.0"
			}
		},
		"resolve-from": {
			"version": "2.0.0",
			"resolved": "https://registry.npmjs.org/resolve-from/-/resolve-from-2.0.0.tgz",
			"integrity": "sha1-lICrIOlP+h2egKgEx+oUdhGWa1c="
		},
		"semver": {
			"version": "5.5.0",
			"resolved": "https://registry.npmjs.org/semver/-/semver-5.5.0.tgz",
			"integrity": "sha512-4SJ3dm0WAwWy/NVeioZh5AntkdJoWKxHxcmyP622fOkgHa4z3R0TdBJICINyaSDE6uNwVc8gZr+ZinwZAH4xIA=="
		},
		"sliced": {
			"version": "1.0.1",
			"resolved": "https://registry.npmjs.org/sliced/-/sliced-1.0.1.tgz",
			"integrity": "sha1-CzpmK10Ewxd7GSa+qCsD+Dei70E="
		}
	}
}
