{
	"name": "@casl/mongoose",
	"version": "2.3.1",
	"lockfileVersion": 1,
	"requires": true,
	"dependencies": {
		"@casl/ability": {
			"version": "2.5.1",
			"resolved": "https://registry.npmjs.org/@casl/ability/-/ability-2.5.1.tgz",
			"integrity": "sha512-Ju1cl1R4xgPiiYxmjUAoO+rhNxp0ximyKZzWuw4/DLKHnbQNqbSVyDkRSVHuAuL+BWyeBsaD/sVSwxUitYlDyA==",
			"dev": true,
			"requires": {
				"sift": "^7.0.1"
			}
		},
		"@types/bson": {
			"version": "4.0.0",
			"resolved": "https://registry.npmjs.org/@types/bson/-/bson-4.0.0.tgz",
			"integrity": "sha512-pq/rqJwJWkbS10crsG5bgnrisL8pML79KlMKQMoQwLUjlPAkrUHMvHJ3oGwE7WHR61Lv/nadMwXVAD2b+fpD8Q==",
			"dev": true,
			"requires": {
				"@types/node": "*"
			}
		},
		"@types/mongodb": {
			"version": "3.1.28",
			"resolved": "https://registry.npmjs.org/@types/mongodb/-/mongodb-3.1.28.tgz",
			"integrity": "sha512-tG+QqJ/hir2p0069ee28t2O9tlGRJKDq1WFZC2QYMlU47LGdldLL8tepfTq6aFLvP58OpwSoxaJ/qjW93ob1NQ==",
			"dev": true,
			"requires": {
				"@types/bson": "*",
				"@types/node": "*"
			}
		},
		"@types/mongoose": {
			"version": "5.5.7",
			"resolved": "https://registry.npmjs.org/@types/mongoose/-/mongoose-5.5.7.tgz",
			"integrity": "sha512-bQTgH19lwY56T4YE6YTeobTtJ4EVTqP8ST5lFxjecPHC+/ebpHU8W01by4KEGSg5AeWFWVCePUi44wHuFzbxDQ==",
			"dev": true,
			"requires": {
				"@types/mongodb": "*",
				"@types/node": "*"
			}
		},
		"@types/node": {
			"version": "12.0.12",
			"resolved": "https://registry.npmjs.org/@types/node/-/node-12.0.12.tgz",
			"integrity": "sha512-Uy0PN4R5vgBUXFoJrKryf5aTk3kJ8Rv3PdlHjl6UaX+Cqp1QE0yPQ68MPXGrZOfG7gZVNDIJZYyot0B9ubXUrQ==",
			"dev": true
		},
		"async": {
			"version": "2.6.2",
			"resolved": "https://registry.npmjs.org/async/-/async-2.6.2.tgz",
			"integrity": "sha512-H1qVYh1MYhEEFLsP97cVKqCGo7KfCyTt6uEWqsTBr9SO84oK9Uwbyd/yCW+6rKJLHksBNUVWZDAjfS+Ccx0Bbg==",
			"dev": true,
			"requires": {
				"lodash": "^4.17.11"
			}
		},
		"bluebird": {
			"version": "3.5.1",
			"resolved": "https://registry.npmjs.org/bluebird/-/bluebird-3.5.1.tgz",
			"integrity": "sha512-MKiLiV+I1AA596t9w1sQJ8jkiSr5+ZKi0WKrYGUn6d1Fx+Ij4tIj+m2WMQSGczs5jZVxV339chE8iwk6F64wjA==",
			"dev": true
		},
		"bson": {
			"version": "1.1.1",
			"resolved": "https://registry.npmjs.org/bson/-/bson-1.1.1.tgz",
			"integrity": "sha512-jCGVYLoYMHDkOsbwJZBCqwMHyH4c+wzgI9hG7Z6SZJRXWr+x58pdIbm2i9a/jFGCkRJqRUr8eoI7lDWa0hTkxg==",
			"dev": true
		},
		"debug": {
			"version": "3.1.0",
			"resolved": "https://registry.npmjs.org/debug/-/debug-3.1.0.tgz",
			"integrity": "sha512-OX8XqP7/1a9cqkxYw2yXss15f26NKWBpDXQd0/uK/KPqdQhxbPa994hnzjcE2VqQpDslf55723cKPUOGSmMY3g==",
			"dev": true,
			"requires": {
				"ms": "2.0.0"
			},
			"dependencies": {
				"ms": {
					"version": "2.0.0",
					"resolved": "https://registry.npmjs.org/ms/-/ms-2.0.0.tgz",
					"integrity": "sha1-VgiurfwAvmwpAd9fmGF4jeDVl8g=",
					"dev": true
				}
			}
		},
		"kareem": {
			"version": "2.3.0",
			"resolved": "https://registry.npmjs.org/kareem/-/kareem-2.3.0.tgz",
			"integrity": "sha512-6hHxsp9e6zQU8nXsP+02HGWXwTkOEw6IROhF2ZA28cYbUk4eJ6QbtZvdqZOdD9YPKghG3apk5eOCvs+tLl3lRg==",
			"dev": true
		},
		"lodash": {
			"version": "4.17.11",
			"resolved": "https://registry.npmjs.org/lodash/-/lodash-4.17.11.tgz",
			"integrity": "sha512-cQKh8igo5QUhZ7lg38DYWAxMvjSAKG0A8wGSVimP07SIUEK2UO+arSRKbRZWtelMtN5V0Hkwh5ryOto/SshYIg==",
			"dev": true
		},
		"memory-pager": {
			"version": "1.5.0",
			"resolved": "https://registry.npmjs.org/memory-pager/-/memory-pager-1.5.0.tgz",
			"integrity": "sha512-ZS4Bp4r/Zoeq6+NLJpP+0Zzm0pR8whtGPf1XExKLJBAczGMnSi3It14OiNCStjQjM6NU1okjQGSxgEZN8eBYKg==",
			"dev": true,
			"optional": true
		},
		"mongodb": {
			"version": "3.2.7",
			"resolved": "https://registry.npmjs.org/mongodb/-/mongodb-3.2.7.tgz",
			"integrity": "sha512-2YdWrdf1PJgxcCrT1tWoL6nHuk6hCxhddAAaEh8QJL231ci4+P9FLyqopbTm2Z2sAU6mhCri+wd9r1hOcHdoMw==",
			"dev": true,
			"requires": {
				"mongodb-core": "3.2.7",
				"safe-buffer": "^5.1.2"
			}
		},
		"mongodb-core": {
			"version": "3.2.7",
			"resolved": "https://registry.npmjs.org/mongodb-core/-/mongodb-core-3.2.7.tgz",
			"integrity": "sha512-WypKdLxFNPOH/Jy6i9z47IjG2wIldA54iDZBmHMINcgKOUcWJh8og+Wix76oGd7EyYkHJKssQ2FAOw5Su/n4XQ==",
			"dev": true,
			"requires": {
				"bson": "^1.1.1",
				"require_optional": "^1.0.1",
				"safe-buffer": "^5.1.2",
				"saslprep": "^1.0.0"
			}
		},
		"mongoose": {
			"version": "5.6.3",
			"resolved": "https://registry.npmjs.org/mongoose/-/mongoose-5.6.3.tgz",
			"integrity": "sha512-eMpT33DMbigFth+xdxlcHRljqFyuCJ9WfvoLkwFc4BAm4i/dAzHzis62VWUuNOMUv6yj/+MrJPqugqD4WDWPqQ==",
			"dev": true,
			"requires": {
				"async": "2.6.2",
				"bson": "~1.1.1",
				"kareem": "2.3.0",
				"mongodb": "3.2.7",
				"mongodb-core": "3.2.7",
				"mongoose-legacy-pluralize": "1.0.2",
				"mpath": "0.6.0",
				"mquery": "3.2.1",
				"ms": "2.1.2",
				"regexp-clone": "1.0.0",
				"safe-buffer": "5.1.2",
				"sift": "7.0.1",
				"sliced": "1.0.1"
			}
		},
		"mongoose-legacy-pluralize": {
			"version": "1.0.2",
			"resolved": "https://registry.npmjs.org/mongoose-legacy-pluralize/-/mongoose-legacy-pluralize-1.0.2.tgz",
			"integrity": "sha512-Yo/7qQU4/EyIS8YDFSeenIvXxZN+ld7YdV9LqFVQJzTLye8unujAWPZ4NWKfFA+RNjh+wvTWKY9Z3E5XM6ZZiQ==",
			"dev": true
		},
		"mpath": {
			"version": "0.6.0",
			"resolved": "https://registry.npmjs.org/mpath/-/mpath-0.6.0.tgz",
			"integrity": "sha512-i75qh79MJ5Xo/sbhxrDrPSEG0H/mr1kcZXJ8dH6URU5jD/knFxCVqVC/gVSW7GIXL/9hHWlT9haLbCXWOll3qw==",
			"dev": true
		},
		"mquery": {
			"version": "3.2.1",
			"resolved": "https://registry.npmjs.org/mquery/-/mquery-3.2.1.tgz",
			"integrity": "sha512-kY/K8QToZWTTocm0U+r8rqcJCp5PRl6e8tPmoDs5OeSO3DInZE2rAL6AYH+V406JTo8305LdASOQcxRDqHojyw==",
			"dev": true,
			"requires": {
				"bluebird": "3.5.1",
				"debug": "3.1.0",
				"regexp-clone": "^1.0.0",
				"safe-buffer": "5.1.2",
				"sliced": "1.0.1"
			}
		},
		"ms": {
			"version": "2.1.2",
			"resolved": "https://registry.npmjs.org/ms/-/ms-2.1.2.tgz",
			"integrity": "sha512-sGkPx+VjMtmA6MX27oA4FBFELFCZZ4S4XqeGOXCv68tT+jb3vk/RyaKWP0PTKyWtmLSM0b+adUTEvbs1PEaH2w==",
			"dev": true
		},
		"regexp-clone": {
			"version": "1.0.0",
			"resolved": "https://registry.npmjs.org/regexp-clone/-/regexp-clone-1.0.0.tgz",
			"integrity": "sha512-TuAasHQNamyyJ2hb97IuBEif4qBHGjPHBS64sZwytpLEqtBQ1gPJTnOaQ6qmpET16cK14kkjbazl6+p0RRv0yw==",
			"dev": true
		},
		"require_optional": {
			"version": "1.0.1",
			"resolved": "https://registry.npmjs.org/require_optional/-/require_optional-1.0.1.tgz",
			"integrity": "sha512-qhM/y57enGWHAe3v/NcwML6a3/vfESLe/sGM2dII+gEO0BpKRUkWZow/tyloNqJyN6kXSl3RyyM8Ll5D/sJP8g==",
			"dev": true,
			"requires": {
				"resolve-from": "^2.0.0",
				"semver": "^5.1.0"
			}
		},
		"resolve-from": {
			"version": "2.0.0",
			"resolved": "https://registry.npmjs.org/resolve-from/-/resolve-from-2.0.0.tgz",
			"integrity": "sha1-lICrIOlP+h2egKgEx+oUdhGWa1c=",
			"dev": true
		},
		"safe-buffer": {
			"version": "5.1.2",
			"resolved": "https://registry.npmjs.org/safe-buffer/-/safe-buffer-5.1.2.tgz",
			"integrity": "sha512-Gd2UZBJDkXlY7GbJxfsE8/nvKkUEU1G38c1siN6QP6a9PT9MmHB8GnpscSmMJSoF8LOIrt8ud/wPtojys4G6+g==",
			"dev": true
		},
		"saslprep": {
			"version": "1.0.3",
			"resolved": "https://registry.npmjs.org/saslprep/-/saslprep-1.0.3.tgz",
			"integrity": "sha512-/MY/PEMbk2SuY5sScONwhUDsV2p77Znkb/q3nSVstq/yQzYJOH/Azh29p9oJLsl3LnQwSvZDKagDGBsBwSooag==",
			"dev": true,
			"optional": true,
			"requires": {
				"sparse-bitfield": "^3.0.3"
			}
		},
		"semver": {
			"version": "5.7.0",
			"resolved": "https://registry.npmjs.org/semver/-/semver-5.7.0.tgz",
			"integrity": "sha512-Ya52jSX2u7QKghxeoFGpLwCtGlt7j0oY9DYb5apt9nPlJ42ID+ulTXESnt/qAQcoSERyZ5sl3LDIOw0nAn/5DA==",
			"dev": true
		},
		"sift": {
			"version": "7.0.1",
			"resolved": "https://registry.npmjs.org/sift/-/sift-7.0.1.tgz",
			"integrity": "sha512-oqD7PMJ+uO6jV9EQCl0LrRw1OwsiPsiFQR5AR30heR+4Dl7jBBbDLnNvWiak20tzZlSE1H7RB30SX/1j/YYT7g==",
			"dev": true
		},
		"sliced": {
			"version": "1.0.1",
			"resolved": "https://registry.npmjs.org/sliced/-/sliced-1.0.1.tgz",
			"integrity": "sha1-CzpmK10Ewxd7GSa+qCsD+Dei70E=",
			"dev": true
		},
		"sparse-bitfield": {
			"version": "3.0.3",
			"resolved": "https://registry.npmjs.org/sparse-bitfield/-/sparse-bitfield-3.0.3.tgz",
			"integrity": "sha1-/0rm5oZWBWuks+eSqzM004JzyhE=",
			"dev": true,
			"optional": true,
			"requires": {
				"memory-pager": "^1.0.2"
			}
		}
	}
}
