{
	"name": "@casl/angular",
	"version": "0.3.1",
	"lockfileVersion": 1,
	"requires": true,
	"dependencies": {
		"@angular/common": {
			"version": "6.1.6",
			"resolved": "https://registry.npmjs.org/@angular/common/-/common-6.1.6.tgz",
			"integrity": "sha512-aFQcfCB2vFfNqR6/e6R34JjFpIFmF3zqr6Ubti1PJOsRuhITZHG/qRYIYA7mh1KVkkf0VXC56B+8QzYbdGcKOQ==",
			"dev": true,
			"requires": {
				"tslib": "1.9.3"
			}
		},
		"@angular/compiler": {
			"version": "6.1.6",
			"resolved": "https://registry.npmjs.org/@angular/compiler/-/compiler-6.1.6.tgz",
			"integrity": "sha512-Z9Og0DVH5krG/xMhfcRJMr5GF2HzqnG3f6Hr+e6d6FB8oehnCX/w9b34zZfVGUWAydAYj32SpXJLE6fQm/ljzA==",
			"dev": true,
			"requires": {
				"tslib": "1.9.3"
			}
		},
		"@angular/core": {
			"version": "6.1.6",
			"resolved": "https://registry.npmjs.org/@angular/core/-/core-6.1.6.tgz",
			"integrity": "sha512-RFkxNDq8iIfO1SaOuUYqOGD/pujMqifJ9FeVg8M2v7ucW01coXAG0IwqUEMMShQj3GGJGHj+F9BNswN7aD2uvw==",
			"dev": true,
			"requires": {
				"tslib": "1.9.3"
			}
		},
		"@angular/platform-browser": {
			"version": "6.1.6",
			"resolved": "https://registry.npmjs.org/@angular/platform-browser/-/platform-browser-6.1.6.tgz",
			"integrity": "sha512-fwI/w+MhdolVJEfdoCSZFarQo+SctG1pNa+V3PxMkXhxnAbv7oWPQdxzdCrhTWdxJTJ5enSfumMmlJEZtg1bag==",
			"dev": true,
			"requires": {
				"tslib": "1.9.3"
			}
		},
		"@angular/platform-browser-dynamic": {
			"version": "6.1.6",
			"resolved": "https://registry.npmjs.org/@angular/platform-browser-dynamic/-/platform-browser-dynamic-6.1.6.tgz",
			"integrity": "sha512-Ep4vq2ssb1r8XOAw7dJW530vzFKKVY5fj0CYp7VMPfDkwYolEG4TBKQ/ouJkF8n/jdDVFP73+MzU1TLa9/lMQQ==",
			"dev": true,
			"requires": {
				"tslib": "1.9.3"
			}
		},
		"jest-zone-patch": {
			"version": "0.0.8",
			"resolved": "https://registry.npmjs.org/jest-zone-patch/-/jest-zone-patch-0.0.8.tgz",
			"integrity": "sha1-kPo7W2DpWtPmJN0sPrWbsdyr03E=",
			"dev": true
		},
		"rxjs": {
			"version": "6.3.1",
			"resolved": "https://registry.npmjs.org/rxjs/-/rxjs-6.3.1.tgz",
			"integrity": "sha512-hRVfb1Mcf8rLXq1AZEjYpzBnQbO7Duveu1APXkWRTvqzhmkoQ40Pl2F9Btacx+gJCOqsMiugCGG4I2HPQgJRtA==",
			"dev": true,
			"requires": {
				"tslib": "1.9.3"
			}
		},
		"rxjs-compat": {
			"version": "6.3.1",
			"resolved": "https://registry.npmjs.org/rxjs-compat/-/rxjs-compat-6.3.1.tgz",
			"integrity": "sha512-WK5N7xfx4sbOUAg5r47DUQdjZKvxb5dfRFId6QHbSlA6uQs22N7vlVvodnItotz2dDWgLLqhzO9ByyZofQ2MZg==",
			"dev": true
		},
		"tslib": {
			"version": "1.9.3",
			"resolved": "https://registry.npmjs.org/tslib/-/tslib-1.9.3.tgz",
			"integrity": "sha512-4krF8scpejhaOgqzBEcGM7yDIEfi0/8+8zDRZhNZZ2kjmHJ4hv3zCbQWxoJGz1iw5U0Jl0nma13xzHXcncMavQ==",
			"dev": true
		},
		"zone.js": {
			"version": "0.8.26",
			"resolved": "https://registry.npmjs.org/zone.js/-/zone.js-0.8.26.tgz",
			"integrity": "sha512-W9Nj+UmBJG251wkCacIkETgra4QgBo/vgoEkb4a2uoLzpQG7qF9nzwoLXWU5xj3Fg2mxGvEDh47mg24vXccYjA==",
			"dev": true
		}
	}
}
