{
  "name": "@casl/angular",
  "version": "0.3.1",
  "lockfileVersion": 1,
  "requires": true,
  "dependencies": {
    "@angular/common": {
      "version": "7.0.0",
      "resolved": "https://registry.npmjs.org/@angular/common/-/common-7.0.0.tgz",
      "integrity": "sha512-jp6MA6EOq/a1m+F0c1aZC345pAYYYFpN1m7GMM91JlqkjzJMhyYVk+Bod9xQOEWadcpY+RFudG+jRsPCMO8bvQ==",
      "dev": true,
      "requires": {
        "tslib": "^1.9.0"
      }
    },
    "@angular/compiler": {
      "version": "7.0.0",
      "resolved": "https://registry.npmjs.org/@angular/compiler/-/compiler-7.0.0.tgz",
      "integrity": "sha512-4fkohfGyG1BEpeYenOartuJmduyZ/R3XQx46hDDiR/9A8/Go4qLGkgr9Bd/JL/gPIR1XAHH9D5ii2sh+28ZEmA==",
      "dev": true,
      "requires": {
        "tslib": "^1.9.0"
      }
    },
    "@angular/core": {
      "version": "7.0.0",
      "resolved": "https://registry.npmjs.org/@angular/core/-/core-7.0.0.tgz",
      "integrity": "sha512-DjVyWNGBWKEeBvxeXy8FGBNlnr/W/tNygOZEd6/uCktcXTG4DNyNQrWuNZUKEpr7RuIT3YVMj+UNwgTq0jB/9g==",
      "dev": true,
      "requires": {
        "tslib": "^1.9.0"
      }
    },
    "@angular/platform-browser": {
      "version": "7.0.0",
      "resolved": "https://registry.npmjs.org/@angular/platform-browser/-/platform-browser-7.0.0.tgz",
      "integrity": "sha512-XyvL30d6meJ+SXlOmdR+sxoLdSvkQdmVNvpdvUzAHC/EqwA/byg4V3bTe5lpZmypclgFCjkGoTsz6uOnnwlQhw==",
      "dev": true,
      "requires": {
        "tslib": "^1.9.0"
      }
    },
    "@angular/platform-browser-dynamic": {
      "version": "7.0.0",
      "resolved": "https://registry.npmjs.org/@angular/platform-browser-dynamic/-/platform-browser-dynamic-7.0.0.tgz",
      "integrity": "sha512-lH2KuH+Em1y/mTOE6yTJmsOxYkMbYKzKLP9gYzc9vZu3er1df6Jx6jxefeBmAr9v+kNCLnpnHWHz2y4GzAesJA==",
      "dev": true,
      "requires": {
        "tslib": "^1.9.0"
      }
    },
    "jest-zone-patch": {
      "version": "0.0.8",
      "resolved": "https://registry.npmjs.org/jest-zone-patch/-/jest-zone-patch-0.0.8.tgz",
      "integrity": "sha1-kPo7W2DpWtPmJN0sPrWbsdyr03E=",
      "dev": true
    },
    "rxjs": {
      "version": "6.3.2",
      "resolved": "https://registry.npmjs.org/rxjs/-/rxjs-6.3.2.tgz",
      "integrity": "sha512-hV7criqbR0pe7EeL3O66UYVg92IR0XsA97+9y+BWTePK9SKmEI5Qd3Zj6uPnGkNzXsBywBQWTvujPl+1Kn9Zjw==",
      "dev": true,
      "requires": {
        "tslib": "^1.9.0"
      }
    },
    "rxjs-compat": {
      "version": "6.3.2",
      "resolved": "https://registry.npmjs.org/rxjs-compat/-/rxjs-compat-6.3.2.tgz",
      "integrity": "sha512-eH0ANsX4ufMSDmSDwWbsWYgZDDDxxLHxsSwApbQumHTFm83RP4AI594QtXv3Jup+hVjXfE2dRSAVKbMh2a2hcw==",
      "dev": true
    },
    "tslib": {
      "version": "1.9.3",
      "resolved": "https://registry.npmjs.org/tslib/-/tslib-1.9.3.tgz",
      "integrity": "sha512-4krF8scpejhaOgqzBEcGM7yDIEfi0/8+8zDRZhNZZ2kjmHJ4hv3zCbQWxoJGz1iw5U0Jl0nma13xzHXcncMavQ==",
      "dev": true
    },
    "zone.js": {
      "version": "0.8.26",
      "resolved": "https://registry.npmjs.org/zone.js/-/zone.js-0.8.26.tgz",
      "integrity": "sha512-W9Nj+UmBJG251wkCacIkETgra4QgBo/vgoEkb4a2uoLzpQG7qF9nzwoLXWU5xj3Fg2mxGvEDh47mg24vXccYjA==",
      "dev": true
    }
  }
}
