{
	"name": "@casl/angular",
	"version": "3.0.6",
	"lockfileVersion": 1,
	"requires": true,
	"dependencies": {
		"@abraham/reflection": {
			"version": "0.7.0",
			"resolved": "https://registry.npmjs.org/@abraham/reflection/-/reflection-0.7.0.tgz",
			"integrity": "sha512-W4V4I0PzxeWCiMKnS4n4x3Fzb8cQp2qlmBO7RACS/00YsvIgijjcBz5Mp3P1PPP9vSzpbmi0qwuVYZ4twXKwxg==",
			"dev": true
		},
		"@angular/common": {
			"version": "9.0.7",
			"resolved": "https://registry.npmjs.org/@angular/common/-/common-9.0.7.tgz",
			"integrity": "sha512-B58YgxZva1DBaeayOBsaUOOkoyR+GRibuNC3gfOMm2vXeW9eCNX+jvDtw767GnKm2yGzIq8wB3x6GHojN00dPw==",
			"dev": true
		},
		"@angular/compiler": {
			"version": "9.0.7",
			"resolved": "https://registry.npmjs.org/@angular/compiler/-/compiler-9.0.7.tgz",
			"integrity": "sha512-hFpkuGpzxpK5h59LHHAjTFWsY6DCXZwgJFqvCuTPxWi/srvLGZRXrpC6Z1SlgHI9xxXaPfoa4uWw2VfA3BnqEg==",
			"dev": true
		},
		"@angular/compiler-cli": {
			"version": "9.0.7",
			"resolved": "https://registry.npmjs.org/@angular/compiler-cli/-/compiler-cli-9.0.7.tgz",
			"integrity": "sha512-+RXghex63v0Vi8vpQtDpWiqpAAnrTaN3bHT5fntRenq5+Ok5vL1MJ1mzbTmBXs2tuwTqNlwMm2AlZB7G/xcDMQ==",
			"dev": true,
			"requires": {
				"canonical-path": "1.0.0",
				"chokidar": "^3.0.0",
				"convert-source-map": "^1.5.1",
				"dependency-graph": "^0.7.2",
				"fs-extra": "4.0.2",
				"magic-string": "^0.25.0",
				"minimist": "^1.2.0",
				"reflect-metadata": "^0.1.2",
				"semver": "^6.3.0",
				"source-map": "^0.6.1",
				"sourcemap-codec": "^1.4.8",
				"yargs": "13.1.0"
			}
		},
		"@angular/core": {
			"version": "9.0.7",
			"resolved": "https://registry.npmjs.org/@angular/core/-/core-9.0.7.tgz",
			"integrity": "sha512-E9XZH5Dl+9MWG3MDC6wrKllhA8Rljpz66HOIeqKv2fHPed8kzuJZU3WJWLtbhDAXFwtGTyTZ4c82ZLSmqwTorg==",
			"dev": true
		},
		"@angular/platform-browser": {
			"version": "9.0.7",
			"resolved": "https://registry.npmjs.org/@angular/platform-browser/-/platform-browser-9.0.7.tgz",
			"integrity": "sha512-Por8omrEiSV2U/K2mm/Kuv+2R2rJkbAZ3ctEM6CWj9Y4Gz2akjOCxmEgWhhBeqdigcC3T1v707f52osf9jWBkg==",
			"dev": true
		},
		"@angular/platform-browser-dynamic": {
			"version": "9.0.7",
			"resolved": "https://registry.npmjs.org/@angular/platform-browser-dynamic/-/platform-browser-dynamic-9.0.7.tgz",
			"integrity": "sha512-jwpyd93ofcRtchbayKD5v4GN4Lc7vbPe6dMUiwfnVnVAql0bOD/3YRI7w5qJ0Xx0sgQT+9Xo6jTXYnyUsZpEww==",
			"dev": true
		},
		"ansi-regex": {
			"version": "3.0.0",
			"resolved": "https://registry.npmjs.org/ansi-regex/-/ansi-regex-3.0.0.tgz",
			"integrity": "sha1-7QMXwyIGT3lGbAKWa922Bas32Zg=",
			"dev": true
		},
		"anymatch": {
			"version": "3.1.1",
			"resolved": "https://registry.npmjs.org/anymatch/-/anymatch-3.1.1.tgz",
			"integrity": "sha512-mM8522psRCqzV+6LhomX5wgp25YVibjh8Wj23I5RPkPppSVSjyKD2A2mBJmWGa+KN7f2D6LNh9jkBCeyLktzjg==",
			"dev": true,
			"requires": {
				"normalize-path": "^3.0.0",
				"picomatch": "^2.0.4"
			}
		},
		"binary-extensions": {
			"version": "2.0.0",
			"resolved": "https://registry.npmjs.org/binary-extensions/-/binary-extensions-2.0.0.tgz",
			"integrity": "sha512-Phlt0plgpIIBOGTT/ehfFnbNlfsDEiqmzE2KRXoX1bLIlir4X/MR+zSyBEkL05ffWgnRSf/DXv+WrUAVr93/ow==",
			"dev": true
		},
		"braces": {
			"version": "3.0.2",
			"resolved": "https://registry.npmjs.org/braces/-/braces-3.0.2.tgz",
			"integrity": "sha512-b8um+L1RzM3WDSzvhm6gIz1yfTbBt6YTlcEKAvsmqCZZFw46z626lVj9j1yEPW33H5H+lBQpZMP1k8l+78Ha0A==",
			"dev": true,
			"requires": {
				"fill-range": "^7.0.1"
			}
		},
		"camelcase": {
			"version": "5.3.1",
			"resolved": "https://registry.npmjs.org/camelcase/-/camelcase-5.3.1.tgz",
			"integrity": "sha512-L28STB170nwWS63UjtlEOE3dldQApaJXZkOI1uMFfzf3rRuPegHaHesyee+YxQ+W6SvRDQV6UrdOdRiR153wJg==",
			"dev": true
		},
		"canonical-path": {
			"version": "1.0.0",
			"resolved": "https://registry.npmjs.org/canonical-path/-/canonical-path-1.0.0.tgz",
			"integrity": "sha512-feylzsbDxi1gPZ1IjystzIQZagYYLvfKrSuygUCgf7z6x790VEzze5QEkdSV1U58RA7Hi0+v6fv4K54atOzATg==",
			"dev": true
		},
		"chokidar": {
			"version": "3.3.1",
			"resolved": "https://registry.npmjs.org/chokidar/-/chokidar-3.3.1.tgz",
			"integrity": "sha512-4QYCEWOcK3OJrxwvyyAOxFuhpvOVCYkr33LPfFNBjAD/w3sEzWsp2BUOkI4l9bHvWioAd0rc6NlHUOEaWkTeqg==",
			"dev": true,
			"requires": {
				"anymatch": "~3.1.1",
				"braces": "~3.0.2",
				"fsevents": "~2.1.2",
				"glob-parent": "~5.1.0",
				"is-binary-path": "~2.1.0",
				"is-glob": "~4.0.1",
				"normalize-path": "~3.0.0",
				"readdirp": "~3.3.0"
			}
		},
		"cliui": {
			"version": "4.1.0",
			"resolved": "https://registry.npmjs.org/cliui/-/cliui-4.1.0.tgz",
			"integrity": "sha512-4FG+RSG9DL7uEwRUZXZn3SS34DiDPfzP0VOiEwtUWlE+AR2EIg+hSyvrIgUUfhdgR/UkAeW2QHgeP+hWrXs7jQ==",
			"dev": true,
			"requires": {
				"string-width": "^2.1.1",
				"strip-ansi": "^4.0.0",
				"wrap-ansi": "^2.0.0"
			},
			"dependencies": {
				"string-width": {
					"version": "2.1.1",
					"resolved": "https://registry.npmjs.org/string-width/-/string-width-2.1.1.tgz",
					"integrity": "sha512-nOqH59deCq9SRHlxq1Aw85Jnt4w6KvLKqWVik6oA9ZklXLNIOlqg4F2yrT1MVaTjAqvVwdfeZ7w7aCvJD7ugkw==",
					"dev": true,
					"requires": {
						"is-fullwidth-code-point": "^2.0.0",
						"strip-ansi": "^4.0.0"
					}
				}
			}
		},
		"code-point-at": {
			"version": "1.1.0",
			"resolved": "https://registry.npmjs.org/code-point-at/-/code-point-at-1.1.0.tgz",
			"integrity": "sha1-DQcLTQQ6W+ozovGkDi7bPZpMz3c=",
			"dev": true
		},
		"convert-source-map": {
			"version": "1.7.0",
			"resolved": "https://registry.npmjs.org/convert-source-map/-/convert-source-map-1.7.0.tgz",
			"integrity": "sha512-4FJkXzKXEDB1snCFZlLP4gpC3JILicCpGbzG9f9G7tGqGCzETQ2hWPrcinA9oU4wtf2biUaEH5065UnMeR33oA==",
			"dev": true,
			"requires": {
				"safe-buffer": "~5.1.1"
			}
		},
		"cross-spawn": {
			"version": "6.0.5",
			"resolved": "https://registry.npmjs.org/cross-spawn/-/cross-spawn-6.0.5.tgz",
			"integrity": "sha512-eTVLrBSt7fjbDygz805pMnstIs2VTBNkRm0qxZd+M7A5XDdxVRWO5MxGBXZhjY4cqLYLdtrGqRf8mBPmzwSpWQ==",
			"dev": true,
			"requires": {
				"nice-try": "^1.0.4",
				"path-key": "^2.0.1",
				"semver": "^5.5.0",
				"shebang-command": "^1.2.0",
				"which": "^1.2.9"
			},
			"dependencies": {
				"semver": {
					"version": "5.7.1",
					"resolved": "https://registry.npmjs.org/semver/-/semver-5.7.1.tgz",
					"integrity": "sha512-sauaDf/PZdVgrLTNYHRtpXa1iRiKcaebiKQ1BJdpQlWH2lCvexQdX55snPFyK7QzpudqbCI0qXFfOasHdyNDGQ==",
					"dev": true
				}
			}
		},
		"decamelize": {
			"version": "1.2.0",
			"resolved": "https://registry.npmjs.org/decamelize/-/decamelize-1.2.0.tgz",
			"integrity": "sha1-9lNNFRSCabIDUue+4m9QH5oZEpA=",
			"dev": true
		},
		"dependency-graph": {
			"version": "0.7.2",
			"resolved": "https://registry.npmjs.org/dependency-graph/-/dependency-graph-0.7.2.tgz",
			"integrity": "sha512-KqtH4/EZdtdfWX0p6MGP9jljvxSY6msy/pRUD4jgNwVpv3v1QmNLlsB3LDSSUg79BRVSn7jI1QPRtArGABovAQ==",
			"dev": true
		},
		"emoji-regex": {
			"version": "7.0.3",
			"resolved": "https://registry.npmjs.org/emoji-regex/-/emoji-regex-7.0.3.tgz",
			"integrity": "sha512-CwBLREIQ7LvYFB0WyRvwhq5N5qPhc6PMjD6bYggFlI5YyDgl+0vxq5VHbMOFqLg7hfWzmu8T5Z1QofhmTIhItA==",
			"dev": true
		},
		"end-of-stream": {
			"version": "1.4.4",
			"resolved": "https://registry.npmjs.org/end-of-stream/-/end-of-stream-1.4.4.tgz",
			"integrity": "sha512-+uw1inIHVPQoaVuHzRyXd21icM+cnt4CzD5rW+NC1wjOUSTOs+Te7FOv7AhN7vS9x/oIyhLP5PR1H+phQAHu5Q==",
			"dev": true,
			"requires": {
				"once": "^1.4.0"
			}
		},
		"execa": {
			"version": "1.0.0",
			"resolved": "https://registry.npmjs.org/execa/-/execa-1.0.0.tgz",
			"integrity": "sha512-adbxcyWV46qiHyvSp50TKt05tB4tK3HcmF7/nxfAdhnox83seTDbwnaqKO4sXRy7roHAIFqJP/Rw/AuEbX61LA==",
			"dev": true,
			"requires": {
				"cross-spawn": "^6.0.0",
				"get-stream": "^4.0.0",
				"is-stream": "^1.1.0",
				"npm-run-path": "^2.0.0",
				"p-finally": "^1.0.0",
				"signal-exit": "^3.0.0",
				"strip-eof": "^1.0.0"
			}
		},
		"fill-range": {
			"version": "7.0.1",
			"resolved": "https://registry.npmjs.org/fill-range/-/fill-range-7.0.1.tgz",
			"integrity": "sha512-qOo9F+dMUmC2Lcb4BbVvnKJxTPjCm+RRpe4gDuGrzkL7mEVl/djYSu2OdQ2Pa302N4oqkSg9ir6jaLWJ2USVpQ==",
			"dev": true,
			"requires": {
				"to-regex-range": "^5.0.1"
			}
		},
		"find-up": {
			"version": "3.0.0",
			"resolved": "https://registry.npmjs.org/find-up/-/find-up-3.0.0.tgz",
			"integrity": "sha512-1yD6RmLI1XBfxugvORwlck6f75tYL+iR0jqwsOrOxMZyGYqUuDhJ0l4AXdO1iX/FTs9cBAMEk1gWSEx1kSbylg==",
			"dev": true,
			"requires": {
				"locate-path": "^3.0.0"
			}
		},
		"fs-extra": {
			"version": "4.0.2",
			"resolved": "https://registry.npmjs.org/fs-extra/-/fs-extra-4.0.2.tgz",
			"integrity": "sha1-+RcExT0bRh+JNFKwwwfZmXZHq2s=",
			"dev": true,
			"requires": {
				"graceful-fs": "^4.1.2",
				"jsonfile": "^4.0.0",
				"universalify": "^0.1.0"
			}
		},
		"fsevents": {
			"version": "2.1.2",
			"resolved": "https://registry.npmjs.org/fsevents/-/fsevents-2.1.2.tgz",
			"integrity": "sha512-R4wDiBwZ0KzpgOWetKDug1FZcYhqYnUYKtfZYt4mD5SBz76q0KR4Q9o7GIPamsVPGmW3EYPPJ0dOOjvx32ldZA==",
			"dev": true,
			"optional": true
		},
		"get-caller-file": {
			"version": "2.0.5",
			"resolved": "https://registry.npmjs.org/get-caller-file/-/get-caller-file-2.0.5.tgz",
			"integrity": "sha512-DyFP3BM/3YHTQOCUL/w0OZHR0lpKeGrxotcHWcqNEdnltqFwXVfhEBQ94eIo34AfQpo0rGki4cyIiftY06h2Fg==",
			"dev": true
		},
		"get-stream": {
			"version": "4.1.0",
			"resolved": "https://registry.npmjs.org/get-stream/-/get-stream-4.1.0.tgz",
			"integrity": "sha512-GMat4EJ5161kIy2HevLlr4luNjBgvmj413KaQA7jt4V8B4RDsfpHk7WQ9GVqfYyyx8OS/L66Kox+rJRNklLK7w==",
			"dev": true,
			"requires": {
				"pump": "^3.0.0"
			}
		},
		"glob-parent": {
			"version": "5.1.1",
			"resolved": "https://registry.npmjs.org/glob-parent/-/glob-parent-5.1.1.tgz",
			"integrity": "sha512-FnI+VGOpnlGHWZxthPGR+QhR78fuiK0sNLkHQv+bL9fQi57lNNdquIbna/WrfROrolq8GK5Ek6BiMwqL/voRYQ==",
			"dev": true,
			"requires": {
				"is-glob": "^4.0.1"
			}
		},
		"graceful-fs": {
			"version": "4.2.3",
			"resolved": "https://registry.npmjs.org/graceful-fs/-/graceful-fs-4.2.3.tgz",
			"integrity": "sha512-a30VEBm4PEdx1dRB7MFK7BejejvCvBronbLjht+sHuGYj8PHs7M/5Z+rt5lw551vZ7yfTCj4Vuyy3mSJytDWRQ==",
			"dev": true
		},
		"invert-kv": {
			"version": "2.0.0",
			"resolved": "https://registry.npmjs.org/invert-kv/-/invert-kv-2.0.0.tgz",
			"integrity": "sha512-wPVv/y/QQ/Uiirj/vh3oP+1Ww+AWehmi1g5fFWGPF6IpCBCDVrhgHRMvrLfdYcwDh3QJbGXDW4JAuzxElLSqKA==",
			"dev": true
		},
		"is-binary-path": {
			"version": "2.1.0",
			"resolved": "https://registry.npmjs.org/is-binary-path/-/is-binary-path-2.1.0.tgz",
			"integrity": "sha512-ZMERYes6pDydyuGidse7OsHxtbI7WVeUEozgR/g7rd0xUimYNlvZRE/K2MgZTjWy725IfelLeVcEM97mmtRGXw==",
			"dev": true,
			"requires": {
				"binary-extensions": "^2.0.0"
			}
		},
		"is-extglob": {
			"version": "2.1.1",
			"resolved": "https://registry.npmjs.org/is-extglob/-/is-extglob-2.1.1.tgz",
			"integrity": "sha1-qIwCU1eR8C7TfHahueqXc8gz+MI=",
			"dev": true
		},
		"is-fullwidth-code-point": {
			"version": "2.0.0",
			"resolved": "https://registry.npmjs.org/is-fullwidth-code-point/-/is-fullwidth-code-point-2.0.0.tgz",
			"integrity": "sha1-o7MKXE8ZkYMWeqq5O+764937ZU8=",
			"dev": true
		},
		"is-glob": {
			"version": "4.0.1",
			"resolved": "https://registry.npmjs.org/is-glob/-/is-glob-4.0.1.tgz",
			"integrity": "sha512-5G0tKtBTFImOqDnLB2hG6Bp2qcKEFduo4tZu9MT/H6NQv/ghhy30o55ufafxJ/LdH79LLs2Kfrn85TLKyA7BUg==",
			"dev": true,
			"requires": {
				"is-extglob": "^2.1.1"
			}
		},
		"is-number": {
			"version": "7.0.0",
			"resolved": "https://registry.npmjs.org/is-number/-/is-number-7.0.0.tgz",
			"integrity": "sha512-41Cifkg6e8TylSpdtTpeLVMqvSBEVzTttHvERD741+pnZ8ANv0004MRL43QKPDlK9cGvNp6NZWZUBlbGXYxxng==",
			"dev": true
		},
		"is-stream": {
			"version": "1.1.0",
			"resolved": "https://registry.npmjs.org/is-stream/-/is-stream-1.1.0.tgz",
			"integrity": "sha1-EtSj3U5o4Lec6428hBc66A2RykQ=",
			"dev": true
		},
		"isexe": {
			"version": "2.0.0",
			"resolved": "https://registry.npmjs.org/isexe/-/isexe-2.0.0.tgz",
			"integrity": "sha1-6PvzdNxVb/iUehDcsFctYz8s+hA=",
			"dev": true
		},
		"jest-zone-patch": {
			"version": "0.0.10",
			"resolved": "https://registry.npmjs.org/jest-zone-patch/-/jest-zone-patch-0.0.10.tgz",
			"integrity": "sha512-K5uHLHgMgi2Eyj74gbY+xSeGGekb5U48bXsgDwgipRbFdaekyZK+TAcp8auamqU4UjrAt5S4sIUZz/2bBNyTTA==",
			"dev": true
		},
		"jsonfile": {
			"version": "4.0.0",
			"resolved": "https://registry.npmjs.org/jsonfile/-/jsonfile-4.0.0.tgz",
			"integrity": "sha1-h3Gq4HmbZAdrdmQPygWPnBDjPss=",
			"dev": true,
			"requires": {
				"graceful-fs": "^4.1.6"
			}
		},
		"lcid": {
			"version": "2.0.0",
			"resolved": "https://registry.npmjs.org/lcid/-/lcid-2.0.0.tgz",
			"integrity": "sha512-avPEb8P8EGnwXKClwsNUgryVjllcRqtMYa49NTsbQagYuT1DcXnl1915oxWjoyGrXR6zH/Y0Zc96xWsPcoDKeA==",
			"dev": true,
			"requires": {
				"invert-kv": "^2.0.0"
			}
		},
		"locate-path": {
			"version": "3.0.0",
			"resolved": "https://registry.npmjs.org/locate-path/-/locate-path-3.0.0.tgz",
			"integrity": "sha512-7AO748wWnIhNqAuaty2ZWHkQHRSNfPVIsPIfwEOWO22AmaoVrWavlOcMR5nzTLNYvp36X220/maaRsrec1G65A==",
			"dev": true,
			"requires": {
				"p-locate": "^3.0.0",
				"path-exists": "^3.0.0"
			}
		},
		"magic-string": {
			"version": "0.25.7",
			"resolved": "https://registry.npmjs.org/magic-string/-/magic-string-0.25.7.tgz",
			"integrity": "sha512-4CrMT5DOHTDk4HYDlzmwu4FVCcIYI8gauveasrdCu2IKIFOJ3f0v/8MDGJCDL9oD2ppz/Av1b0Nj345H9M+XIA==",
			"dev": true,
			"requires": {
				"sourcemap-codec": "^1.4.4"
			}
		},
		"map-age-cleaner": {
			"version": "0.1.3",
			"resolved": "https://registry.npmjs.org/map-age-cleaner/-/map-age-cleaner-0.1.3.tgz",
			"integrity": "sha512-bJzx6nMoP6PDLPBFmg7+xRKeFZvFboMrGlxmNj9ClvX53KrmvM5bXFXEWjbz4cz1AFn+jWJ9z/DJSz7hrs0w3w==",
			"dev": true,
			"requires": {
				"p-defer": "^1.0.0"
			}
		},
		"mem": {
			"version": "4.3.0",
			"resolved": "https://registry.npmjs.org/mem/-/mem-4.3.0.tgz",
			"integrity": "sha512-qX2bG48pTqYRVmDB37rn/6PT7LcR8T7oAX3bf99u1Tt1nzxYfxkgqDwUwolPlXweM0XzBOBFzSx4kfp7KP1s/w==",
			"dev": true,
			"requires": {
				"map-age-cleaner": "^0.1.1",
				"mimic-fn": "^2.0.0",
				"p-is-promise": "^2.0.0"
			}
		},
		"mimic-fn": {
			"version": "2.1.0",
			"resolved": "https://registry.npmjs.org/mimic-fn/-/mimic-fn-2.1.0.tgz",
			"integrity": "sha512-OqbOk5oEQeAZ8WXWydlu9HJjz9WVdEIvamMCcXmuqUYjTknH/sqsWvhQ3vgwKFRR1HpjvNBKQ37nbJgYzGqGcg==",
			"dev": true
		},
		"minimist": {
			"version": "1.2.5",
			"resolved": "https://registry.npmjs.org/minimist/-/minimist-1.2.5.tgz",
			"integrity": "sha512-FM9nNUYrRBAELZQT3xeZQ7fmMOBg6nWNmJKTcgsJeaLstP/UODVpGsr5OhXhhXg6f+qtJ8uiZ+PUxkDWcgIXLw==",
			"dev": true
		},
		"nice-try": {
			"version": "1.0.5",
			"resolved": "https://registry.npmjs.org/nice-try/-/nice-try-1.0.5.tgz",
			"integrity": "sha512-1nh45deeb5olNY7eX82BkPO7SSxR5SSYJiPTrTdFUVYwAl8CKMA5N9PjTYkHiRjisVcxcQ1HXdLhx2qxxJzLNQ==",
			"dev": true
		},
		"normalize-path": {
			"version": "3.0.0",
			"resolved": "https://registry.npmjs.org/normalize-path/-/normalize-path-3.0.0.tgz",
			"integrity": "sha512-6eZs5Ls3WtCisHWp9S2GUy8dqkpGi4BVSz3GaqiE6ezub0512ESztXUwUB6C6IKbQkY2Pnb/mD4WYojCRwcwLA==",
			"dev": true
		},
		"npm-run-path": {
			"version": "2.0.2",
			"resolved": "https://registry.npmjs.org/npm-run-path/-/npm-run-path-2.0.2.tgz",
			"integrity": "sha1-NakjLfo11wZ7TLLd8jV7GHFTbF8=",
			"dev": true,
			"requires": {
				"path-key": "^2.0.0"
			}
		},
		"number-is-nan": {
			"version": "1.0.1",
			"resolved": "https://registry.npmjs.org/number-is-nan/-/number-is-nan-1.0.1.tgz",
			"integrity": "sha1-CXtgK1NCKlIsGvuHkDGDNpQaAR0=",
			"dev": true
		},
		"once": {
			"version": "1.4.0",
			"resolved": "https://registry.npmjs.org/once/-/once-1.4.0.tgz",
			"integrity": "sha1-WDsap3WWHUsROsF9nFC6753Xa9E=",
			"dev": true,
			"requires": {
				"wrappy": "1"
			}
		},
		"os-locale": {
			"version": "3.1.0",
			"resolved": "https://registry.npmjs.org/os-locale/-/os-locale-3.1.0.tgz",
			"integrity": "sha512-Z8l3R4wYWM40/52Z+S265okfFj8Kt2cC2MKY+xNi3kFs+XGI7WXu/I309QQQYbRW4ijiZ+yxs9pqEhJh0DqW3Q==",
			"dev": true,
			"requires": {
				"execa": "^1.0.0",
				"lcid": "^2.0.0",
				"mem": "^4.0.0"
			}
		},
		"p-defer": {
			"version": "1.0.0",
			"resolved": "https://registry.npmjs.org/p-defer/-/p-defer-1.0.0.tgz",
			"integrity": "sha1-n26xgvbJqozXQwBKfU+WsZaw+ww=",
			"dev": true
		},
		"p-finally": {
			"version": "1.0.0",
			"resolved": "https://registry.npmjs.org/p-finally/-/p-finally-1.0.0.tgz",
			"integrity": "sha1-P7z7FbiZpEEjs0ttzBi3JDNqLK4=",
			"dev": true
		},
		"p-is-promise": {
			"version": "2.1.0",
			"resolved": "https://registry.npmjs.org/p-is-promise/-/p-is-promise-2.1.0.tgz",
			"integrity": "sha512-Y3W0wlRPK8ZMRbNq97l4M5otioeA5lm1z7bkNkxCka8HSPjR0xRWmpCmc9utiaLP9Jb1eD8BgeIxTW4AIF45Pg==",
			"dev": true
		},
		"p-limit": {
			"version": "2.2.2",
			"resolved": "https://registry.npmjs.org/p-limit/-/p-limit-2.2.2.tgz",
			"integrity": "sha512-WGR+xHecKTr7EbUEhyLSh5Dube9JtdiG78ufaeLxTgpudf/20KqyMioIUZJAezlTIi6evxuoUs9YXc11cU+yzQ==",
			"dev": true,
			"requires": {
				"p-try": "^2.0.0"
			}
		},
		"p-locate": {
			"version": "3.0.0",
			"resolved": "https://registry.npmjs.org/p-locate/-/p-locate-3.0.0.tgz",
			"integrity": "sha512-x+12w/To+4GFfgJhBEpiDcLozRJGegY+Ei7/z0tSLkMmxGZNybVMSfWj9aJn8Z5Fc7dBUNJOOVgPv2H7IwulSQ==",
			"dev": true,
			"requires": {
				"p-limit": "^2.0.0"
			}
		},
		"p-try": {
			"version": "2.2.0",
			"resolved": "https://registry.npmjs.org/p-try/-/p-try-2.2.0.tgz",
			"integrity": "sha512-R4nPAVTAU0B9D35/Gk3uJf/7XYbQcyohSKdvAxIRSNghFl4e71hVoGnBNQz9cWaXxO2I10KTC+3jMdvvoKw6dQ==",
			"dev": true
		},
		"path-exists": {
			"version": "3.0.0",
			"resolved": "https://registry.npmjs.org/path-exists/-/path-exists-3.0.0.tgz",
			"integrity": "sha1-zg6+ql94yxiSXqfYENe1mwEP1RU=",
			"dev": true
		},
		"path-key": {
			"version": "2.0.1",
			"resolved": "https://registry.npmjs.org/path-key/-/path-key-2.0.1.tgz",
			"integrity": "sha1-QRyttXTFoUDTpLGRDUDYDMn0C0A=",
			"dev": true
		},
		"picomatch": {
			"version": "2.2.2",
			"resolved": "https://registry.npmjs.org/picomatch/-/picomatch-2.2.2.tgz",
			"integrity": "sha512-q0M/9eZHzmr0AulXyPwNfZjtwZ/RBZlbN3K3CErVrk50T2ASYI7Bye0EvekFY3IP1Nt2DHu0re+V2ZHIpMkuWg==",
			"dev": true
		},
		"pump": {
			"version": "3.0.0",
			"resolved": "https://registry.npmjs.org/pump/-/pump-3.0.0.tgz",
			"integrity": "sha512-LwZy+p3SFs1Pytd/jYct4wpv49HiYCqd9Rlc5ZVdk0V+8Yzv6jR5Blk3TRmPL1ft69TxP0IMZGJ+WPFU2BFhww==",
			"dev": true,
			"requires": {
				"end-of-stream": "^1.1.0",
				"once": "^1.3.1"
			}
		},
		"readdirp": {
			"version": "3.3.0",
			"resolved": "https://registry.npmjs.org/readdirp/-/readdirp-3.3.0.tgz",
			"integrity": "sha512-zz0pAkSPOXXm1viEwygWIPSPkcBYjW1xU5j/JBh5t9bGCJwa6f9+BJa6VaB2g+b55yVrmXzqkyLf4xaWYM0IkQ==",
			"dev": true,
			"requires": {
				"picomatch": "^2.0.7"
			}
		},
		"reflect-metadata": {
			"version": "0.1.13",
			"resolved": "https://registry.npmjs.org/reflect-metadata/-/reflect-metadata-0.1.13.tgz",
			"integrity": "sha512-Ts1Y/anZELhSsjMcU605fU9RE4Oi3p5ORujwbIKXfWa+0Zxs510Qrmrce5/Jowq3cHSZSJqBjypxmHarc+vEWg==",
			"dev": true
		},
		"require-directory": {
			"version": "2.1.1",
			"resolved": "https://registry.npmjs.org/require-directory/-/require-directory-2.1.1.tgz",
			"integrity": "sha1-jGStX9MNqxyXbiNE/+f3kqam30I=",
			"dev": true
		},
		"require-main-filename": {
			"version": "2.0.0",
			"resolved": "https://registry.npmjs.org/require-main-filename/-/require-main-filename-2.0.0.tgz",
			"integrity": "sha512-NKN5kMDylKuldxYLSUfrbo5Tuzh4hd+2E8NPPX02mZtn1VuREQToYe/ZdlJy+J3uCpfaiGF05e7B8W0iXbQHmg==",
			"dev": true
		},
		"rxjs": {
			"version": "6.5.4",
			"resolved": "https://registry.npmjs.org/rxjs/-/rxjs-6.5.4.tgz",
			"integrity": "sha512-naMQXcgEo3csAEGvw/NydRA0fuS2nDZJiw1YUWFKU7aPPAPGZEsD4Iimit96qwCieH6y614MCLYwdkrWx7z/7Q==",
			"dev": true,
			"requires": {
				"tslib": "^1.9.0"
			}
		},
		"safe-buffer": {
			"version": "5.1.2",
			"resolved": "https://registry.npmjs.org/safe-buffer/-/safe-buffer-5.1.2.tgz",
			"integrity": "sha512-Gd2UZBJDkXlY7GbJxfsE8/nvKkUEU1G38c1siN6QP6a9PT9MmHB8GnpscSmMJSoF8LOIrt8ud/wPtojys4G6+g==",
			"dev": true
		},
		"semver": {
			"version": "6.3.0",
			"resolved": "https://registry.npmjs.org/semver/-/semver-6.3.0.tgz",
			"integrity": "sha512-b39TBaTSfV6yBrapU89p5fKekE2m/NwnDocOVruQFS1/veMgdzuPcnOM34M6CwxW8jH/lxEa5rBoDeUwu5HHTw==",
			"dev": true
		},
		"set-blocking": {
			"version": "2.0.0",
			"resolved": "https://registry.npmjs.org/set-blocking/-/set-blocking-2.0.0.tgz",
			"integrity": "sha1-BF+XgtARrppoA93TgrJDkrPYkPc=",
			"dev": true
		},
		"shebang-command": {
			"version": "1.2.0",
			"resolved": "https://registry.npmjs.org/shebang-command/-/shebang-command-1.2.0.tgz",
			"integrity": "sha1-RKrGW2lbAzmJaMOfNj/uXer98eo=",
			"dev": true,
			"requires": {
				"shebang-regex": "^1.0.0"
			}
		},
		"shebang-regex": {
			"version": "1.0.0",
			"resolved": "https://registry.npmjs.org/shebang-regex/-/shebang-regex-1.0.0.tgz",
			"integrity": "sha1-2kL0l0DAtC2yypcoVxyxkMmO/qM=",
			"dev": true
		},
		"signal-exit": {
			"version": "3.0.2",
			"resolved": "https://registry.npmjs.org/signal-exit/-/signal-exit-3.0.2.tgz",
			"integrity": "sha1-tf3AjxKH6hF4Yo5BXiUTK3NkbG0=",
			"dev": true
		},
		"source-map": {
			"version": "0.6.1",
			"resolved": "https://registry.npmjs.org/source-map/-/source-map-0.6.1.tgz",
			"integrity": "sha512-UjgapumWlbMhkBgzT7Ykc5YXUT46F0iKu8SGXq0bcwP5dz/h0Plj6enJqjz1Zbq2l5WaqYnrVbwWOWMyF3F47g==",
			"dev": true
		},
		"sourcemap-codec": {
			"version": "1.4.8",
			"resolved": "https://registry.npmjs.org/sourcemap-codec/-/sourcemap-codec-1.4.8.tgz",
			"integrity": "sha512-9NykojV5Uih4lgo5So5dtw+f0JgJX30KCNI8gwhz2J9A15wD0Ml6tjHKwf6fTSa6fAdVBdZeNOs9eJ71qCk8vA==",
			"dev": true
		},
		"string-width": {
			"version": "3.1.0",
			"resolved": "https://registry.npmjs.org/string-width/-/string-width-3.1.0.tgz",
			"integrity": "sha512-vafcv6KjVZKSgz06oM/H6GDBrAtz8vdhQakGjFIvNrHA6y3HCF1CInLy+QLq8dTJPQ1b+KDUqDFctkdRW44e1w==",
			"dev": true,
			"requires": {
				"emoji-regex": "^7.0.1",
				"is-fullwidth-code-point": "^2.0.0",
				"strip-ansi": "^5.1.0"
			},
			"dependencies": {
				"ansi-regex": {
					"version": "4.1.0",
					"resolved": "https://registry.npmjs.org/ansi-regex/-/ansi-regex-4.1.0.tgz",
					"integrity": "sha512-1apePfXM1UOSqw0o9IiFAovVz9M5S1Dg+4TrDwfMewQ6p/rmMueb7tWZjQ1rx4Loy1ArBggoqGpfqqdI4rondg==",
					"dev": true
				},
				"strip-ansi": {
					"version": "5.2.0",
					"resolved": "https://registry.npmjs.org/strip-ansi/-/strip-ansi-5.2.0.tgz",
					"integrity": "sha512-DuRs1gKbBqsMKIZlrffwlug8MHkcnpjs5VPmL1PAh+mA30U0DTotfDZ0d2UUsXpPmPmMMJ6W773MaA3J+lbiWA==",
					"dev": true,
					"requires": {
						"ansi-regex": "^4.1.0"
					}
				}
			}
		},
		"strip-ansi": {
			"version": "4.0.0",
			"resolved": "https://registry.npmjs.org/strip-ansi/-/strip-ansi-4.0.0.tgz",
			"integrity": "sha1-qEeQIusaw2iocTibY1JixQXuNo8=",
			"dev": true,
			"requires": {
				"ansi-regex": "^3.0.0"
			}
		},
		"strip-eof": {
			"version": "1.0.0",
			"resolved": "https://registry.npmjs.org/strip-eof/-/strip-eof-1.0.0.tgz",
			"integrity": "sha1-u0P/VZim6wXYm1n80SnJgzE2Br8=",
			"dev": true
		},
		"to-regex-range": {
			"version": "5.0.1",
			"resolved": "https://registry.npmjs.org/to-regex-range/-/to-regex-range-5.0.1.tgz",
			"integrity": "sha512-65P7iz6X5yEr1cwcgvQxbbIw7Uk3gOy5dIdtZ4rDveLqhrdJP+Li/Hx6tyK0NEb+2GCyneCMJiGqrADCSNk8sQ==",
			"dev": true,
			"requires": {
				"is-number": "^7.0.0"
			}
		},
		"tslib": {
			"version": "1.11.1",
			"resolved": "https://registry.npmjs.org/tslib/-/tslib-1.11.1.tgz",
			"integrity": "sha512-aZW88SY8kQbU7gpV19lN24LtXh/yD4ZZg6qieAJDDg+YBsJcSmLGK9QpnUjAKVG/xefmvJGd1WUmfpT/g6AJGA==",
			"dev": true
		},
		"universalify": {
			"version": "0.1.2",
			"resolved": "https://registry.npmjs.org/universalify/-/universalify-0.1.2.tgz",
			"integrity": "sha512-rBJeI5CXAlmy1pV+617WB9J63U6XcazHHF2f2dbJix4XzpUF0RS3Zbj0FGIOCAva5P/d/GBOYaACQ1w+0azUkg==",
			"dev": true
		},
		"which": {
			"version": "1.3.1",
			"resolved": "https://registry.npmjs.org/which/-/which-1.3.1.tgz",
			"integrity": "sha512-HxJdYWq1MTIQbJ3nw0cqssHoTNU267KlrDuGZ1WYlxDStUtKUhOaJmh112/TZmHxxUfuJqPXSOm7tDyas0OSIQ==",
			"dev": true,
			"requires": {
				"isexe": "^2.0.0"
			}
		},
		"which-module": {
			"version": "2.0.0",
			"resolved": "https://registry.npmjs.org/which-module/-/which-module-2.0.0.tgz",
			"integrity": "sha1-2e8H3Od7mQK4o6j6SzHD4/fm6Ho=",
			"dev": true
		},
		"wrap-ansi": {
			"version": "2.1.0",
			"resolved": "https://registry.npmjs.org/wrap-ansi/-/wrap-ansi-2.1.0.tgz",
			"integrity": "sha1-2Pw9KE3QV5T+hJc8rs3Rz4JP3YU=",
			"dev": true,
			"requires": {
				"string-width": "^1.0.1",
				"strip-ansi": "^3.0.1"
			},
			"dependencies": {
				"ansi-regex": {
					"version": "2.1.1",
					"resolved": "https://registry.npmjs.org/ansi-regex/-/ansi-regex-2.1.1.tgz",
					"integrity": "sha1-w7M6te42DYbg5ijwRorn7yfWVN8=",
					"dev": true
				},
				"is-fullwidth-code-point": {
					"version": "1.0.0",
					"resolved": "https://registry.npmjs.org/is-fullwidth-code-point/-/is-fullwidth-code-point-1.0.0.tgz",
					"integrity": "sha1-754xOG8DGn8NZDr4L95QxFfvAMs=",
					"dev": true,
					"requires": {
						"number-is-nan": "^1.0.0"
					}
				},
				"string-width": {
					"version": "1.0.2",
					"resolved": "https://registry.npmjs.org/string-width/-/string-width-1.0.2.tgz",
					"integrity": "sha1-EYvfW4zcUaKn5w0hHgfisLmxB9M=",
					"dev": true,
					"requires": {
						"code-point-at": "^1.0.0",
						"is-fullwidth-code-point": "^1.0.0",
						"strip-ansi": "^3.0.0"
					}
				},
				"strip-ansi": {
					"version": "3.0.1",
					"resolved": "https://registry.npmjs.org/strip-ansi/-/strip-ansi-3.0.1.tgz",
					"integrity": "sha1-ajhfuIU9lS1f8F0Oiq+UJ43GPc8=",
					"dev": true,
					"requires": {
						"ansi-regex": "^2.0.0"
					}
				}
			}
		},
		"wrappy": {
			"version": "1.0.2",
			"resolved": "https://registry.npmjs.org/wrappy/-/wrappy-1.0.2.tgz",
			"integrity": "sha1-tSQ9jz7BqjXxNkYFvA0QNuMKtp8=",
			"dev": true
		},
		"y18n": {
			"version": "4.0.0",
			"resolved": "https://registry.npmjs.org/y18n/-/y18n-4.0.0.tgz",
			"integrity": "sha512-r9S/ZyXu/Xu9q1tYlpsLIsa3EeLXXk0VwlxqTcFRfg9EhMW+17kbt9G0NrgCmhGb5vT2hyhJZLfDGx+7+5Uj/w==",
			"dev": true
		},
		"yargs": {
			"version": "13.1.0",
			"resolved": "https://registry.npmjs.org/yargs/-/yargs-13.1.0.tgz",
			"integrity": "sha512-1UhJbXfzHiPqkfXNHYhiz79qM/kZqjTE8yGlEjZa85Q+3+OwcV6NRkV7XOV1W2Eom2bzILeUn55pQYffjVOLAg==",
			"dev": true,
			"requires": {
				"cliui": "^4.0.0",
				"find-up": "^3.0.0",
				"get-caller-file": "^2.0.1",
				"os-locale": "^3.1.0",
				"require-directory": "^2.1.1",
				"require-main-filename": "^2.0.0",
				"set-blocking": "^2.0.0",
				"string-width": "^3.0.0",
				"which-module": "^2.0.0",
				"y18n": "^4.0.0",
				"yargs-parser": "^13.0.0"
			}
		},
		"yargs-parser": {
			"version": "13.1.2",
			"resolved": "https://registry.npmjs.org/yargs-parser/-/yargs-parser-13.1.2.tgz",
			"integrity": "sha512-3lbsNRf/j+A4QuSZfDRA7HRSfWrzO0YjqTJd5kjAq37Zep1CEgaYmrH9Q3GwPiB9cHyd1Y1UwggGhJGoxipbzg==",
			"dev": true,
			"requires": {
				"camelcase": "^5.0.0",
				"decamelize": "^1.2.0"
			}
		},
		"zone.js": {
			"version": "0.10.3",
			"resolved": "https://registry.npmjs.org/zone.js/-/zone.js-0.10.3.tgz",
			"integrity": "sha512-LXVLVEq0NNOqK/fLJo3d0kfzd4sxwn2/h67/02pjCjfKDxgx1i9QqpvtHD8CrBnSSwMw5+dy11O7FRX5mkO7Cg==",
			"dev": true
		}
	}
}
