{
	"name": "@casl/ability",
	"version": "3.2.0",
	"lockfileVersion": 1,
	"requires": true,
	"dependencies": {
		"sift": {
			"version": "8.5.1",
			"resolved": "https://registry.npmjs.org/sift/-/sift-8.5.1.tgz",
			"integrity": "sha512-um2rEdXrc4YcRMzIliuip4i2o92mJONh5W1VD9vJlm1e0apVqMK4P2ZUijz8BIe1/oYLWmXwXaKFM+fOaO3Ysg=="
		}
	}
}
