{
	"name": "@casl/ability",
	"version": "3.4.0",
	"lockfileVersion": 1,
	"requires": true,
	"dependencies": {
		"sift": {
			"version": "11.1.1",
			"resolved": "https://registry.npmjs.org/sift/-/sift-11.1.1.tgz",
			"integrity": "sha512-m3IHUCFHO/+rWYqmqyJtbQdTz0UKyu2ZEYD34wZQNlYVeBHkxU5tPvGPaaDInK2SZKlVPjBQNbPRGW7aguT6cw=="
		}
	}
}
