{
	"name": "@casl/react",
	"version": "1.0.2",
	"lockfileVersion": 1,
	"requires": true,
	"dependencies": {
		"@casl/ability": {
			"version": "2.5.1",
			"resolved": "https://registry.npmjs.org/@casl/ability/-/ability-2.5.1.tgz",
			"integrity": "sha512-Ju1cl1R4xgPiiYxmjUAoO+rhNxp0ximyKZzWuw4/DLKHnbQNqbSVyDkRSVHuAuL+BWyeBsaD/sVSwxUitYlDyA==",
			"dev": true,
			"requires": {
				"sift": "^7.0.1"
			}
		},
		"check-prop-types": {
			"version": "1.1.2",
			"resolved": "https://registry.npmjs.org/check-prop-types/-/check-prop-types-1.1.2.tgz",
			"integrity": "sha512-hGDrZ1yhRgKuP1yzZ5sUX/PPmlKBLOF1GyF0Z008Sienko3BFZmlCXnmq+npRTIL/WlFCUzThyd+F5PQnnT1ug==",
			"dev": true
		},
		"js-tokens": {
			"version": "4.0.0",
			"resolved": "https://registry.npmjs.org/js-tokens/-/js-tokens-4.0.0.tgz",
			"integrity": "sha512-RdJUflcE3cUzKiMqQgsCu06FPu9UdIJO0beYbPhHN4k6apgJtifcoCtT9bcxOpYBtpD2kCM6Sbzg4CausW/PKQ==",
			"dev": true
		},
		"loose-envify": {
			"version": "1.4.0",
			"resolved": "https://registry.npmjs.org/loose-envify/-/loose-envify-1.4.0.tgz",
			"integrity": "sha512-lyuxPGr/Wfhrlem2CL/UcnUc1zcqKAImBDzukY7Y5F/yQiNdko6+fRLevlw1HgMySw7f611UIY408EtxRSoK3Q==",
			"dev": true,
			"requires": {
				"js-tokens": "^3.0.0 || ^4.0.0"
			}
		},
		"object-assign": {
			"version": "4.1.1",
			"resolved": "https://registry.npmjs.org/object-assign/-/object-assign-4.1.1.tgz",
			"integrity": "sha1-IQmtx5ZYh8/AXLvUQsrIv7s2CGM=",
			"dev": true
		},
		"prop-types": {
			"version": "15.7.0",
			"resolved": "https://registry.npmjs.org/prop-types/-/prop-types-15.7.0.tgz",
			"integrity": "sha512-rlfizAIb1WrkMkbFm3uk7cZGqeVPOhHHMj3gy9FUHE+Ha5lKvbIzj9ygvLdG8Cv2CQEhQnP5djXS7pbmTOpBqw==",
			"dev": true,
			"requires": {
				"object-assign": "^4.1.1",
				"react-is": "^16.8.1"
			}
		},
		"react": {
			"version": "16.8.1",
			"resolved": "https://registry.npmjs.org/react/-/react-16.8.1.tgz",
			"integrity": "sha512-wLw5CFGPdo7p/AgteFz7GblI2JPOos0+biSoxf1FPsGxWQZdN/pj6oToJs1crn61DL3Ln7mN86uZ4j74p31ELQ==",
			"dev": true,
			"requires": {
				"loose-envify": "^1.1.0",
				"object-assign": "^4.1.1",
				"prop-types": "^15.6.2",
				"scheduler": "^0.13.1"
			}
		},
		"react-is": {
			"version": "16.8.1",
			"resolved": "https://registry.npmjs.org/react-is/-/react-is-16.8.1.tgz",
			"integrity": "sha512-ioMCzVDWvCvKD8eeT+iukyWrBGrA3DiFYkXfBsVYIRdaREZuBjENG+KjrikavCLasozqRWTwFUagU/O4vPpRMA==",
			"dev": true
		},
		"react-test-renderer": {
			"version": "16.8.1",
			"resolved": "https://registry.npmjs.org/react-test-renderer/-/react-test-renderer-16.8.1.tgz",
			"integrity": "sha512-Bd21TN3+YVl6GZwav6O0T6m5UwGfOj+2+xZH5VH93ToD6M5uclN/c+R1DGX49ueG413KZPUx7Kw3sOYz2aJgfg==",
			"dev": true,
			"requires": {
				"object-assign": "^4.1.1",
				"prop-types": "^15.6.2",
				"react-is": "^16.8.1",
				"scheduler": "^0.13.1"
			}
		},
		"scheduler": {
			"version": "0.13.1",
			"resolved": "https://registry.npmjs.org/scheduler/-/scheduler-0.13.1.tgz",
			"integrity": "sha512-VJKOkiKIN2/6NOoexuypwSrybx13MY7NSy9RNt8wPvZDMRT1CW6qlpF5jXRToXNHz3uWzbm2elNpZfXfGPqP9A==",
			"dev": true,
			"requires": {
				"loose-envify": "^1.1.0",
				"object-assign": "^4.1.1"
			}
		},
		"sift": {
			"version": "7.0.1",
			"resolved": "https://registry.npmjs.org/sift/-/sift-7.0.1.tgz",
			"integrity": "sha512-oqD7PMJ+uO6jV9EQCl0LrRw1OwsiPsiFQR5AR30heR+4Dl7jBBbDLnNvWiak20tzZlSE1H7RB30SX/1j/YYT7g==",
			"dev": true
		}
	}
}
