{
	"name": "@casl/react",
	"version": "0.8.1",
	"lockfileVersion": 1,
	"requires": true,
	"dependencies": {
		"check-prop-types": {
			"version": "1.1.2",
			"resolved": "https://registry.npmjs.org/check-prop-types/-/check-prop-types-1.1.2.tgz",
			"integrity": "sha512-hGDrZ1yhRgKuP1yzZ5sUX/PPmlKBLOF1GyF0Z008Sienko3BFZmlCXnmq+npRTIL/WlFCUzThyd+F5PQnnT1ug==",
			"dev": true
		},
		"js-tokens": {
			"version": "4.0.0",
			"resolved": "https://registry.npmjs.org/js-tokens/-/js-tokens-4.0.0.tgz",
			"integrity": "sha512-RdJUflcE3cUzKiMqQgsCu06FPu9UdIJO0beYbPhHN4k6apgJtifcoCtT9bcxOpYBtpD2kCM6Sbzg4CausW/PKQ==",
			"dev": true
		},
		"loose-envify": {
			"version": "1.4.0",
			"resolved": "https://registry.npmjs.org/loose-envify/-/loose-envify-1.4.0.tgz",
			"integrity": "sha512-lyuxPGr/Wfhrlem2CL/UcnUc1zcqKAImBDzukY7Y5F/yQiNdko6+fRLevlw1HgMySw7f611UIY408EtxRSoK3Q==",
			"dev": true,
			"requires": {
				"js-tokens": "^3.0.0 || ^4.0.0"
			}
		},
		"object-assign": {
			"version": "4.1.1",
			"resolved": "https://registry.npmjs.org/object-assign/-/object-assign-4.1.1.tgz",
			"integrity": "sha1-IQmtx5ZYh8/AXLvUQsrIv7s2CGM=",
			"dev": true
		},
		"prop-types": {
			"version": "15.6.2",
			"resolved": "https://registry.npmjs.org/prop-types/-/prop-types-15.6.2.tgz",
			"integrity": "sha512-3pboPvLiWD7dkI3qf3KbUe6hKFKa52w+AE0VCqECtf+QHAKgOL37tTaNCnuX1nAAQ4ZhyP+kYVKf8rLmJ/feDQ==",
			"dev": true,
			"requires": {
				"loose-envify": "^1.3.1",
				"object-assign": "^4.1.1"
			}
		},
		"react": {
			"version": "16.6.3",
			"resolved": "https://registry.npmjs.org/react/-/react-16.6.3.tgz",
			"integrity": "sha512-zCvmH2vbEolgKxtqXL2wmGCUxUyNheYn/C+PD1YAjfxHC54+MhdruyhO7QieQrYsYeTxrn93PM2y0jRH1zEExw==",
			"dev": true,
			"requires": {
				"loose-envify": "^1.1.0",
				"object-assign": "^4.1.1",
				"prop-types": "^15.6.2",
				"scheduler": "^0.11.2"
			}
		},
		"react-is": {
			"version": "16.6.3",
			"resolved": "https://registry.npmjs.org/react-is/-/react-is-16.6.3.tgz",
			"integrity": "sha512-u7FDWtthB4rWibG/+mFbVd5FvdI20yde86qKGx4lVUTWmPlSWQ4QxbBIrrs+HnXGbxOUlUzTAP/VDmvCwaP2yA==",
			"dev": true
		},
		"react-test-renderer": {
			"version": "16.6.3",
			"resolved": "https://registry.npmjs.org/react-test-renderer/-/react-test-renderer-16.6.3.tgz",
			"integrity": "sha512-B5bCer+qymrQz/wN03lT0LppbZUDRq6AMfzMKrovzkGzfO81a9T+PWQW6MzkWknbwODQH/qpJno/yFQLX5IWrQ==",
			"dev": true,
			"requires": {
				"object-assign": "^4.1.1",
				"prop-types": "^15.6.2",
				"react-is": "^16.6.3",
				"scheduler": "^0.11.2"
			}
		},
		"scheduler": {
			"version": "0.11.3",
			"resolved": "https://registry.npmjs.org/scheduler/-/scheduler-0.11.3.tgz",
			"integrity": "sha512-i9X9VRRVZDd3xZw10NY5Z2cVMbdYg6gqFecfj79USv1CFN+YrJ3gIPRKf1qlY+Sxly4djoKdfx1T+m9dnRB8kQ==",
			"dev": true,
			"requires": {
				"loose-envify": "^1.1.0",
				"object-assign": "^4.1.1"
			}
		}
	}
}
